// !$*UTF8*$!
{
	archiveVersion = 1;
	classes = {
	};
	objectVersion = 46;
	objects = {

/* Begin PBXBuildFile section */
		1F1127DF198AD56200BB0F8E /* BlueLineStations.plist in Resources */ = {isa = PBXBuildFile; fileRef = 1F1127DE198AD56200BB0F8E /* BlueLineStations.plist */; };
		1F12C9A819B7D5850024CAD5 /* Reachability.m in Sources */ = {isa = PBXBuildFile; fileRef = 1F12C9A719B7D5850024CAD5 /* Reachability.m */; };
		1F137A8619753179001C0F2B /* RedLineStations.plist in Resources */ = {isa = PBXBuildFile; fileRef = 1F137A8519753179001C0F2B /* RedLineStations.plist */; };
		1F16A31419A3DC1900AC7A68 /* GreenDetailsViewController.m in Sources */ = {isa = PBXBuildFile; fileRef = 1F16A31319A3DC1900AC7A68 /* GreenDetailsViewController.m */; };
		1F23B8A419A5F2A00092FE9C /* bw_background.jpg in Resources */ = {isa = PBXBuildFile; fileRef = 1F23B8A319A5F2A00092FE9C /* bw_background.jpg */; };
		1F242E0A19AA833F00E1698C /* AboutTableViewController.m in Sources */ = {isa = PBXBuildFile; fileRef = 1F242E0919AA833F00E1698C /* AboutTableViewController.m */; };
		1F275BC319C6106800A1A8AD /* FilmFestivalViewController.m in Sources */ = {isa = PBXBuildFile; fileRef = 1F275BC219C6106800A1A8AD /* FilmFestivalViewController.m */; };
		1F275BCD19C619CF00A1A8AD /* Localizable.strings in Resources */ = {isa = PBXBuildFile; fileRef = 1F275BCF19C619CF00A1A8AD /* Localizable.strings */; };
		1F276BBF19679092008735B1 /* CreateNewAccountViewController.m in Sources */ = {isa = PBXBuildFile; fileRef = 1F276BBE19679092008735B1 /* CreateNewAccountViewController.m */; };
		1F276BC2196790A8008735B1 /* LoginViewController.m in Sources */ = {isa = PBXBuildFile; fileRef = 1F276BC1196790A8008735B1 /* LoginViewController.m */; };
		1F276BC619679529008735B1 /* FacebookSDK.framework in Frameworks */ = {isa = PBXBuildFile; fileRef = 1F276BC519679529008735B1 /* FacebookSDK.framework */; };
		1F276BC819679595008735B1 /* AudioToolbox.framework in Frameworks */ = {isa = PBXBuildFile; fileRef = 1F276BC719679594008735B1 /* AudioToolbox.framework */; };
		1F276BCA196795A6008735B1 /* CFNetwork.framework in Frameworks */ = {isa = PBXBuildFile; fileRef = 1F276BC9196795A6008735B1 /* CFNetwork.framework */; };
		1F276BCC196795BB008735B1 /* CoreLocation.framework in Frameworks */ = {isa = PBXBuildFile; fileRef = 1F276BCB196795BB008735B1 /* CoreLocation.framework */; };
		1F276BD0196795D9008735B1 /* libz.dylib in Frameworks */ = {isa = PBXBuildFile; fileRef = 1F276BCF196795D9008735B1 /* libz.dylib */; };
		1F276BD2196795E3008735B1 /* MobileCoreServices.framework in Frameworks */ = {isa = PBXBuildFile; fileRef = 1F276BD1196795E3008735B1 /* MobileCoreServices.framework */; };
		1F276BD4196795F1008735B1 /* QuartzCore.framework in Frameworks */ = {isa = PBXBuildFile; fileRef = 1F276BD3196795F1008735B1 /* QuartzCore.framework */; };
		1F276BD6196795FD008735B1 /* Security.framework in Frameworks */ = {isa = PBXBuildFile; fileRef = 1F276BD5196795FD008735B1 /* Security.framework */; };
		1F276BDA1967960D008735B1 /* SystemConfiguration.framework in Frameworks */ = {isa = PBXBuildFile; fileRef = 1F276BD91967960D008735B1 /* SystemConfiguration.framework */; };
		1F28171419BE848E005A5337 /* ShowImageViewController.m in Sources */ = {isa = PBXBuildFile; fileRef = 1F28171219BE848E005A5337 /* ShowImageViewController.m */; };
		1F28171519BE848E005A5337 /* ShowImageViewController.xib in Resources */ = {isa = PBXBuildFile; fileRef = 1F28171319BE848E005A5337 /* ShowImageViewController.xib */; };
		1F29B5BF19BDF7D90036B2C1 /* Main.storyboard in Resources */ = {isa = PBXBuildFile; fileRef = 1F29B5BD19BDF7D90036B2C1 /* Main.storyboard */; };
		1F2C0B7819C6001600236C39 /* Parse.framework in Frameworks */ = {isa = PBXBuildFile; fileRef = 1F2C0B7719C6001600236C39 /* Parse.framework */; };
		1F2DC98719C21BCE00265605 /* ShowActorsViewController.m in Sources */ = {isa = PBXBuildFile; fileRef = 1F2DC98619C21BCE00265605 /* ShowActorsViewController.m */; };
		1F2DC9A119C2208B00265605 /* amaliamoutoussihoraproelefsis.jpg in Resources */ = {isa = PBXBuildFile; fileRef = 1F2DC98819C2208B00265605 /* amaliamoutoussihoraproelefsis.jpg */; };
		1F2DC9A219C2208B00265605 /* antwnopoulos.jpg in Resources */ = {isa = PBXBuildFile; fileRef = 1F2DC98919C2208B00265605 /* antwnopoulos.jpg */; };
		1F2DC9A319C2208B00265605 /* bazaka.jpg in Resources */ = {isa = PBXBuildFile; fileRef = 1F2DC98A19C2208B00265605 /* bazaka.jpg */; };
		1F2DC9A419C2208B00265605 /* bentivolio.jpg in Resources */ = {isa = PBXBuildFile; fileRef = 1F2DC98B19C2208B00265605 /* bentivolio.jpg */; };
		1F2DC9A519C2208B00265605 /* bruno.jpg in Resources */ = {isa = PBXBuildFile; fileRef = 1F2DC98C19C2208B00265605 /* bruno.jpg */; };
		1F2DC9A619C2208B00265605 /* eliopoulos.jpeg in Resources */ = {isa = PBXBuildFile; fileRef = 1F2DC98D19C2208B00265605 /* eliopoulos.jpeg */; };
		1F2DC9A719C2208B00265605 /* fermas_nikos.jpg in Resources */ = {isa = PBXBuildFile; fileRef = 1F2DC98E19C2208B00265605 /* fermas_nikos.jpg */; };
		1F2DC9A819C2208B00265605 /* fragkedakhs_vasilis.jpg in Resources */ = {isa = PBXBuildFile; fileRef = 1F2DC98F19C2208B00265605 /* fragkedakhs_vasilis.jpg */; };
		1F2DC9A919C2208B00265605 /* izampel.jpg in Resources */ = {isa = PBXBuildFile; fileRef = 1F2DC99019C2208B00265605 /* izampel.jpg */; };
		1F2DC9AA19C2208B00265605 /* karagiannh.jpg in Resources */ = {isa = PBXBuildFile; fileRef = 1F2DC99119C2208B00265605 /* karagiannh.jpg */; };
		1F2DC9AB19C2208B00265605 /* kwsti_maria.jpg in Resources */ = {isa = PBXBuildFile; fileRef = 1F2DC99219C2208B00265605 /* kwsti_maria.jpg */; };
		1F2DC9AC19C2208B00265605 /* ladikou.jpg in Resources */ = {isa = PBXBuildFile; fileRef = 1F2DC99319C2208B00265605 /* ladikou.jpg */; };
		1F2DC9AD19C2208B00265605 /* laskari.jpg in Resources */ = {isa = PBXBuildFile; fileRef = 1F2DC99419C2208B00265605 /* laskari.jpg */; };
		1F2DC9AE19C2208B00265605 /* moutousi.jpg in Resources */ = {isa = PBXBuildFile; fileRef = 1F2DC99519C2208B00265605 /* moutousi.jpg */; };
		1F2DC9AF19C2208B00265605 /* nathanahl.jpg in Resources */ = {isa = PBXBuildFile; fileRef = 1F2DC99619C2208B00265605 /* nathanahl.jpg */; };
		1F2DC9B019C2208B00265605 /* papadopoulos.jpg in Resources */ = {isa = PBXBuildFile; fileRef = 1F2DC99719C2208B00265605 /* papadopoulos.jpg */; };
		1F2DC9B119C2208B00265605 /* samaras.jpg in Resources */ = {isa = PBXBuildFile; fileRef = 1F2DC99819C2208B00265605 /* samaras.jpg */; };
		1F2DC9B219C2208B00265605 /* sfetsa.jpg in Resources */ = {isa = PBXBuildFile; fileRef = 1F2DC99919C2208B00265605 /* sfetsa.jpg */; };
		1F2DC9B319C2208B00265605 /* stratigos.jpg in Resources */ = {isa = PBXBuildFile; fileRef = 1F2DC99A19C2208B00265605 /* stratigos.jpg */; };
		1F2DC9B419C2208B00265605 /* tsirigkouli.jpg in Resources */ = {isa = PBXBuildFile; fileRef = 1F2DC99B19C2208B00265605 /* tsirigkouli.jpg */; };
		1F2DC9B519C2208B00265605 /* tzortzoglou.jpg in Resources */ = {isa = PBXBuildFile; fileRef = 1F2DC99C19C2208B00265605 /* tzortzoglou.jpg */; };
		1F2DC9B619C2208B00265605 /* vainas.jpg in Resources */ = {isa = PBXBuildFile; fileRef = 1F2DC99D19C2208B00265605 /* vainas.jpg */; };
		1F2DC9B719C2208B00265605 /* vlaxopoulou.jpg in Resources */ = {isa = PBXBuildFile; fileRef = 1F2DC99E19C2208B00265605 /* vlaxopoulou.jpg */; };
		1F2DC9B819C2208B00265605 /* voutsas.jpg in Resources */ = {isa = PBXBuildFile; fileRef = 1F2DC99F19C2208B00265605 /* voutsas.jpg */; };
		1F2DC9B919C2208B00265605 /* zervos.jpg in Resources */ = {isa = PBXBuildFile; fileRef = 1F2DC9A019C2208B00265605 /* zervos.jpg */; };
		1F2DC9BB19C2213800265605 /* Gregg_Ntallas.jpg in Resources */ = {isa = PBXBuildFile; fileRef = 1F2DC9BA19C2213800265605 /* Gregg_Ntallas.jpg */; };
		1F2DC9BE19C2249200265605 /* HeaderView.m in Sources */ = {isa = PBXBuildFile; fileRef = 1F2DC9BD19C2249200265605 /* HeaderView.m */; };
		1F2DC9C019C22D5C00265605 /* dalianidis.jpg in Resources */ = {isa = PBXBuildFile; fileRef = 1F2DC9BF19C22D5C00265605 /* dalianidis.jpg */; };
		1F2DC9C219C22E7900265605 /* kanelopoulos.jpeg in Resources */ = {isa = PBXBuildFile; fileRef = 1F2DC9C119C22E7900265605 /* kanelopoulos.jpeg */; };
		1F2DC9C419C22EF500265605 /* voulgaris.jpg in Resources */ = {isa = PBXBuildFile; fileRef = 1F2DC9C319C22EF500265605 /* voulgaris.jpg */; };
		1F2DC9C619C22F6F00265605 /* aggelopoulos.jpg in Resources */ = {isa = PBXBuildFile; fileRef = 1F2DC9C519C22F6F00265605 /* aggelopoulos.jpg */; };
		1F2DC9C819C22FDD00265605 /* syllas_tzoumerkas-200x200.jpg in Resources */ = {isa = PBXBuildFile; fileRef = 1F2DC9C719C22FDD00265605 /* syllas_tzoumerkas-200x200.jpg */; };
		1F2DC9CA19C2307B00265605 /* papaiwannou.jpg in Resources */ = {isa = PBXBuildFile; fileRef = 1F2DC9C919C2307B00265605 /* papaiwannou.jpg */; };
		1F370D2C19753ADC003FB972 /* GreenLineStations.plist in Resources */ = {isa = PBXBuildFile; fileRef = 1F370D2B19753ADC003FB972 /* GreenLineStations.plist */; };
		1F464DD419B8C8B100389827 /* NSMutableArray+SWUtilityButtons.m in Sources */ = {isa = PBXBuildFile; fileRef = 1F464DC919B8C8B100389827 /* NSMutableArray+SWUtilityButtons.m */; };
		1F464DD519B8C8B100389827 /* SWCellScrollView.m in Sources */ = {isa = PBXBuildFile; fileRef = 1F464DCB19B8C8B100389827 /* SWCellScrollView.m */; };
		1F464DD619B8C8B100389827 /* SWLongPressGestureRecognizer.m in Sources */ = {isa = PBXBuildFile; fileRef = 1F464DCD19B8C8B100389827 /* SWLongPressGestureRecognizer.m */; };
		1F464DD719B8C8B100389827 /* SWTableViewCell.m in Sources */ = {isa = PBXBuildFile; fileRef = 1F464DCF19B8C8B100389827 /* SWTableViewCell.m */; };
		1F464DD819B8C8B100389827 /* SWUtilityButtonTapGestureRecognizer.m in Sources */ = {isa = PBXBuildFile; fileRef = 1F464DD119B8C8B100389827 /* SWUtilityButtonTapGestureRecognizer.m */; };
		1F464DD919B8C8B100389827 /* SWUtilityButtonView.m in Sources */ = {isa = PBXBuildFile; fileRef = 1F464DD319B8C8B100389827 /* SWUtilityButtonView.m */; };
		1F464E0119B9182E00389827 /* MBProgressHUD.m in Sources */ = {isa = PBXBuildFile; fileRef = 1F464E0019B9182E00389827 /* MBProgressHUD.m */; };
		1F48BDD0199AB2C400BD30C0 /* green01.jpg in Resources */ = {isa = PBXBuildFile; fileRef = 1F48BDCE199AB2C400BD30C0 /* green01.jpg */; };
		1F48BDD1199AB2C400BD30C0 /* green02.jpg in Resources */ = {isa = PBXBuildFile; fileRef = 1F48BDCF199AB2C400BD30C0 /* green02.jpg */; };
		1F48BDD5199AB2E800BD30C0 /* green11.jpg in Resources */ = {isa = PBXBuildFile; fileRef = 1F48BDD2199AB2E800BD30C0 /* green11.jpg */; };
		1F48BDD6199AB2E800BD30C0 /* green12.jpg in Resources */ = {isa = PBXBuildFile; fileRef = 1F48BDD3199AB2E800BD30C0 /* green12.jpg */; };
		1F48BDD7199AB2E800BD30C0 /* green13.jpg in Resources */ = {isa = PBXBuildFile; fileRef = 1F48BDD4199AB2E800BD30C0 /* green13.jpg */; };
		1F48BDDB199AB30300BD30C0 /* green21.jpg in Resources */ = {isa = PBXBuildFile; fileRef = 1F48BDD8199AB30300BD30C0 /* green21.jpg */; };
		1F48BDDC199AB30300BD30C0 /* green22.jpg in Resources */ = {isa = PBXBuildFile; fileRef = 1F48BDD9199AB30300BD30C0 /* green22.jpg */; };
		1F48BDDD199AB30300BD30C0 /* green23.jpg in Resources */ = {isa = PBXBuildFile; fileRef = 1F48BDDA199AB30300BD30C0 /* green23.jpg */; };
		1F48BDE0199AB31900BD30C0 /* green31.jpg in Resources */ = {isa = PBXBuildFile; fileRef = 1F48BDDE199AB31900BD30C0 /* green31.jpg */; };
		1F48BDE1199AB31900BD30C0 /* green32.jpg in Resources */ = {isa = PBXBuildFile; fileRef = 1F48BDDF199AB31900BD30C0 /* green32.jpg */; };
		1F48BDE4199AB33100BD30C0 /* green41.jpg in Resources */ = {isa = PBXBuildFile; fileRef = 1F48BDE2199AB33100BD30C0 /* green41.jpg */; };
		1F48BDE5199AB33100BD30C0 /* green42.jpg in Resources */ = {isa = PBXBuildFile; fileRef = 1F48BDE3199AB33100BD30C0 /* green42.jpg */; };
		1F48BDE8199AB34B00BD30C0 /* green51.jpg in Resources */ = {isa = PBXBuildFile; fileRef = 1F48BDE6199AB34B00BD30C0 /* green51.jpg */; };
		1F48BDE9199AB34B00BD30C0 /* green52.jpg in Resources */ = {isa = PBXBuildFile; fileRef = 1F48BDE7199AB34B00BD30C0 /* green52.jpg */; };
		1F48BDED199AB36900BD30C0 /* green61.jpg in Resources */ = {isa = PBXBuildFile; fileRef = 1F48BDEA199AB36900BD30C0 /* green61.jpg */; };
		1F48BDEE199AB36900BD30C0 /* green62.jpg in Resources */ = {isa = PBXBuildFile; fileRef = 1F48BDEB199AB36900BD30C0 /* green62.jpg */; };
		1F48BDEF199AB36900BD30C0 /* green63.jpg in Resources */ = {isa = PBXBuildFile; fileRef = 1F48BDEC199AB36900BD30C0 /* green63.jpg */; };
		1F48BDF3199AB38300BD30C0 /* green71.jpg in Resources */ = {isa = PBXBuildFile; fileRef = 1F48BDF0199AB38300BD30C0 /* green71.jpg */; };
		1F48BDF4199AB38300BD30C0 /* green72.jpg in Resources */ = {isa = PBXBuildFile; fileRef = 1F48BDF1199AB38300BD30C0 /* green72.jpg */; };
		1F48BDF5199AB38300BD30C0 /* green73.png in Resources */ = {isa = PBXBuildFile; fileRef = 1F48BDF2199AB38300BD30C0 /* green73.png */; };
		1F65480B19A7466400974CCB /* ButtonStretch@2x.png in Resources */ = {isa = PBXBuildFile; fileRef = 1F65480A19A7466400974CCB /* ButtonStretch@2x.png */; };
		1F6AED7919AA10BF000490DD /* ProfileViewController.m in Sources */ = {isa = PBXBuildFile; fileRef = 1F6AED7819AA10BF000490DD /* ProfileViewController.m */; };
		1F6AED7C19AA53AB000490DD /* MapDetailsViewController.m in Sources */ = {isa = PBXBuildFile; fileRef = 1F6AED7B19AA53AB000490DD /* MapDetailsViewController.m */; };
		1F6AED8619AA5DEA000490DD /* mainBackground.jpg in Resources */ = {isa = PBXBuildFile; fileRef = 1F6AED8519AA5DEA000490DD /* mainBackground.jpg */; };
		1F70653D196768DA009CB35C /* Foundation.framework in Frameworks */ = {isa = PBXBuildFile; fileRef = 1F70653C196768DA009CB35C /* Foundation.framework */; };
		1F70653F196768DA009CB35C /* CoreGraphics.framework in Frameworks */ = {isa = PBXBuildFile; fileRef = 1F70653E196768DA009CB35C /* CoreGraphics.framework */; };
		1F706541196768DA009CB35C /* UIKit.framework in Frameworks */ = {isa = PBXBuildFile; fileRef = 1F706540196768DA009CB35C /* UIKit.framework */; };
		1F706549196768DA009CB35C /* main.m in Sources */ = {isa = PBXBuildFile; fileRef = 1F706548196768DA009CB35C /* main.m */; };
		1F70654D196768DA009CB35C /* AppDelegate.m in Sources */ = {isa = PBXBuildFile; fileRef = 1F70654C196768DA009CB35C /* AppDelegate.m */; };
		1F706555196768DA009CB35C /* Images.xcassets in Resources */ = {isa = PBXBuildFile; fileRef = 1F706554196768DA009CB35C /* Images.xcassets */; };
		1F70655C196768DA009CB35C /* XCTest.framework in Frameworks */ = {isa = PBXBuildFile; fileRef = 1F70655B196768DA009CB35C /* XCTest.framework */; };
		1F70655D196768DA009CB35C /* Foundation.framework in Frameworks */ = {isa = PBXBuildFile; fileRef = 1F70653C196768DA009CB35C /* Foundation.framework */; };
		1F70655E196768DA009CB35C /* UIKit.framework in Frameworks */ = {isa = PBXBuildFile; fileRef = 1F706540196768DA009CB35C /* UIKit.framework */; };
		1F706568196768DA009CB35C /* CineMetroTests.m in Sources */ = {isa = PBXBuildFile; fileRef = 1F706567196768DA009CB35C /* CineMetroTests.m */; };
		1F706573196768E8009CB35C /* MainViewController.m in Sources */ = {isa = PBXBuildFile; fileRef = 1F706572196768E8009CB35C /* MainViewController.m */; };
		1F706575196769DB009CB35C /* MapKit.framework in Frameworks */ = {isa = PBXBuildFile; fileRef = 1F706574196769DB009CB35C /* MapKit.framework */; };
		1F7065781967706C009CB35C /* RedLineTableViewController.m in Sources */ = {isa = PBXBuildFile; fileRef = 1F7065771967706C009CB35C /* RedLineTableViewController.m */; };
		1F70657B1967707B009CB35C /* GreenLineTableViewController.m in Sources */ = {isa = PBXBuildFile; fileRef = 1F70657A1967707B009CB35C /* GreenLineTableViewController.m */; };
		1F70657E1967708C009CB35C /* BlueLineTableViewController.m in Sources */ = {isa = PBXBuildFile; fileRef = 1F70657D1967708C009CB35C /* BlueLineTableViewController.m */; };
		1F70658419678116009CB35C /* MapViewController.m in Sources */ = {isa = PBXBuildFile; fileRef = 1F70658319678116009CB35C /* MapViewController.m */; };
		1F93629A1988F1B10088A0BF /* RedDetailsViewController.m in Sources */ = {isa = PBXBuildFile; fileRef = 1F9362991988F1B10088A0BF /* RedDetailsViewController.m */; };
		1F93629F1988F6250088A0BF /* red01.jpg in Resources */ = {isa = PBXBuildFile; fileRef = 1F93629C1988F6250088A0BF /* red01.jpg */; };
		1F9362A01988F6250088A0BF /* red02.jpg in Resources */ = {isa = PBXBuildFile; fileRef = 1F93629D1988F6250088A0BF /* red02.jpg */; };
		1F9362A11988F6250088A0BF /* red03.jpg in Resources */ = {isa = PBXBuildFile; fileRef = 1F93629E1988F6250088A0BF /* red03.jpg */; };
		1F9362A51988F6320088A0BF /* red11.jpg in Resources */ = {isa = PBXBuildFile; fileRef = 1F9362A21988F6320088A0BF /* red11.jpg */; };
		1F9362A61988F6320088A0BF /* red12.jpg in Resources */ = {isa = PBXBuildFile; fileRef = 1F9362A31988F6320088A0BF /* red12.jpg */; };
		1F9362A71988F6320088A0BF /* red13.jpg in Resources */ = {isa = PBXBuildFile; fileRef = 1F9362A41988F6320088A0BF /* red13.jpg */; };
		1F9362AD1988F63D0088A0BF /* red21.jpg in Resources */ = {isa = PBXBuildFile; fileRef = 1F9362A81988F63D0088A0BF /* red21.jpg */; };
		1F9362AE1988F63D0088A0BF /* red22.jpg in Resources */ = {isa = PBXBuildFile; fileRef = 1F9362A91988F63D0088A0BF /* red22.jpg */; };
		1F9362AF1988F63D0088A0BF /* red23.jpg in Resources */ = {isa = PBXBuildFile; fileRef = 1F9362AA1988F63D0088A0BF /* red23.jpg */; };
		1F9362B01988F63D0088A0BF /* red24.jpg in Resources */ = {isa = PBXBuildFile; fileRef = 1F9362AB1988F63D0088A0BF /* red24.jpg */; };
		1F9362B11988F63D0088A0BF /* red25.jpg in Resources */ = {isa = PBXBuildFile; fileRef = 1F9362AC1988F63D0088A0BF /* red25.jpg */; };
		1F9362B61988F6490088A0BF /* red31.jpg in Resources */ = {isa = PBXBuildFile; fileRef = 1F9362B21988F6490088A0BF /* red31.jpg */; };
		1F9362B71988F6490088A0BF /* red32.jpg in Resources */ = {isa = PBXBuildFile; fileRef = 1F9362B31988F6490088A0BF /* red32.jpg */; };
		1F9362B81988F6490088A0BF /* red33.jpg in Resources */ = {isa = PBXBuildFile; fileRef = 1F9362B41988F6490088A0BF /* red33.jpg */; };
		1F9362B91988F6490088A0BF /* red34.jpg in Resources */ = {isa = PBXBuildFile; fileRef = 1F9362B51988F6490088A0BF /* red34.jpg */; };
		1F9362BD1988F6560088A0BF /* red41.jpg in Resources */ = {isa = PBXBuildFile; fileRef = 1F9362BA1988F6560088A0BF /* red41.jpg */; };
		1F9362BE1988F6560088A0BF /* red42.jpg in Resources */ = {isa = PBXBuildFile; fileRef = 1F9362BB1988F6560088A0BF /* red42.jpg */; };
		1F9362BF1988F6560088A0BF /* red43.jpg in Resources */ = {isa = PBXBuildFile; fileRef = 1F9362BC1988F6560088A0BF /* red43.jpg */; };
		1F9362C31988F6630088A0BF /* red51.jpg in Resources */ = {isa = PBXBuildFile; fileRef = 1F9362C01988F6630088A0BF /* red51.jpg */; };
		1F9362C41988F6630088A0BF /* red52.jpg in Resources */ = {isa = PBXBuildFile; fileRef = 1F9362C11988F6630088A0BF /* red52.jpg */; };
		1F9362C51988F6630088A0BF /* red53.jpg in Resources */ = {isa = PBXBuildFile; fileRef = 1F9362C21988F6630088A0BF /* red53.jpg */; };
		1F996E0819AD15AD004675BB /* TabBarViewController.m in Sources */ = {isa = PBXBuildFile; fileRef = 1F996E0719AD15AD004675BB /* TabBarViewController.m */; };
		1FA9023719B87DDD00149EAD /* ViewController1.m in Sources */ = {isa = PBXBuildFile; fileRef = 1FA9023519B87DDD00149EAD /* ViewController1.m */; };
		1FA9023819B87DDD00149EAD /* ViewController1.xib in Resources */ = {isa = PBXBuildFile; fileRef = 1FA9023619B87DDD00149EAD /* ViewController1.xib */; };
		1FAE04E119BD073800E45EF4 /* ViewController.m in Sources */ = {isa = PBXBuildFile; fileRef = 1FAE04E019BD073800E45EF4 /* ViewController.m */; };
		1FAE04E419BD077900E45EF4 /* PageContentViewController.m in Sources */ = {isa = PBXBuildFile; fileRef = 1FAE04E319BD077900E45EF4 /* PageContentViewController.m */; };
		1FAE2CE519C3829A00D006EC /* photo-75.png in Resources */ = {isa = PBXBuildFile; fileRef = 1FAE2CE419C3829A00D006EC /* photo-75.png */; };
		1FAE2CE719C3876900D006EC /* photo-32.png in Resources */ = {isa = PBXBuildFile; fileRef = 1FAE2CE619C3876900D006EC /* photo-32.png */; };
		1FAE2CEB19C38AF400D006EC /* RatingViewController.m in Sources */ = {isa = PBXBuildFile; fileRef = 1FAE2CE919C38AF400D006EC /* RatingViewController.m */; };
		1FAE2CEC19C38AF400D006EC /* RatingViewController.xib in Resources */ = {isa = PBXBuildFile; fileRef = 1FAE2CEA19C38AF400D006EC /* RatingViewController.xib */; };
		1FAE2CEE19C38BE300D006EC /* star_off.png in Resources */ = {isa = PBXBuildFile; fileRef = 1FAE2CED19C38BE300D006EC /* star_off.png */; };
		1FAE2CF219C3994D00D006EC /* star_on.png in Resources */ = {isa = PBXBuildFile; fileRef = 1FAE2CF119C3994D00D006EC /* star_on.png */; };
		1FB552E9196C456500E11311 /* Accounts.framework in Frameworks */ = {isa = PBXBuildFile; fileRef = 1FB552E8196C456500E11311 /* Accounts.framework */; };
		1FB552EB196C45CE00E11311 /* Social.framework in Frameworks */ = {isa = PBXBuildFile; fileRef = 1FB552EA196C45CE00E11311 /* Social.framework */; };
		1FF72A82198AC4C30022B08D /* BlueDetailsViewController.m in Sources */ = {isa = PBXBuildFile; fileRef = 1FF72A81198AC4C30022B08D /* BlueDetailsViewController.m */; };
		1FFBB93C19BFC7A60035C87B /* ShowTextViewController.m in Sources */ = {isa = PBXBuildFile; fileRef = 1FFBB93B19BFC7A60035C87B /* ShowTextViewController.m */; };
		36687826E35240D2959EF225 /* libPods.a in Frameworks */ = {isa = PBXBuildFile; fileRef = DA8630476C0E4E2B87F91772 /* libPods.a */; };
/* End PBXBuildFile section */

/* Begin PBXContainerItemProxy section */
		1F70655F196768DA009CB35C /* PBXContainerItemProxy */ = {
			isa = PBXContainerItemProxy;
			containerPortal = 1F706531196768DA009CB35C /* Project object */;
			proxyType = 1;
			remoteGlobalIDString = 1F706538196768DA009CB35C;
			remoteInfo = CineMetro;
		};
/* End PBXContainerItemProxy section */

/* Begin PBXFileReference section */
		1F1127DE198AD56200BB0F8E /* BlueLineStations.plist */ = {isa = PBXFileReference; fileEncoding = 4; lastKnownFileType = text.plist.xml; path = BlueLineStations.plist; sourceTree = "<group>"; };
		1F12C9A619B7D5850024CAD5 /* Reachability.h */ = {isa = PBXFileReference; fileEncoding = 4; lastKnownFileType = sourcecode.c.h; path = Reachability.h; sourceTree = "<group>"; };
		1F12C9A719B7D5850024CAD5 /* Reachability.m */ = {isa = PBXFileReference; fileEncoding = 4; lastKnownFileType = sourcecode.c.objc; path = Reachability.m; sourceTree = "<group>"; };
		1F137A8519753179001C0F2B /* RedLineStations.plist */ = {isa = PBXFileReference; fileEncoding = 4; lastKnownFileType = text.plist.xml; path = RedLineStations.plist; sourceTree = "<group>"; };
		1F16A31219A3DC1900AC7A68 /* GreenDetailsViewController.h */ = {isa = PBXFileReference; fileEncoding = 4; lastKnownFileType = sourcecode.c.h; path = GreenDetailsViewController.h; sourceTree = "<group>"; };
		1F16A31319A3DC1900AC7A68 /* GreenDetailsViewController.m */ = {isa = PBXFileReference; fileEncoding = 4; lastKnownFileType = sourcecode.c.objc; path = GreenDetailsViewController.m; sourceTree = "<group>"; };
		1F23B8A319A5F2A00092FE9C /* bw_background.jpg */ = {isa = PBXFileReference; lastKnownFileType = image.jpeg; path = bw_background.jpg; sourceTree = "<group>"; };
		1F242E0819AA833F00E1698C /* AboutTableViewController.h */ = {isa = PBXFileReference; fileEncoding = 4; lastKnownFileType = sourcecode.c.h; path = AboutTableViewController.h; sourceTree = "<group>"; };
		1F242E0919AA833F00E1698C /* AboutTableViewController.m */ = {isa = PBXFileReference; fileEncoding = 4; lastKnownFileType = sourcecode.c.objc; path = AboutTableViewController.m; sourceTree = "<group>"; };
		1F275BC119C6106800A1A8AD /* FilmFestivalViewController.h */ = {isa = PBXFileReference; fileEncoding = 4; lastKnownFileType = sourcecode.c.h; path = FilmFestivalViewController.h; sourceTree = "<group>"; };
		1F275BC219C6106800A1A8AD /* FilmFestivalViewController.m */ = {isa = PBXFileReference; fileEncoding = 4; lastKnownFileType = sourcecode.c.objc; path = FilmFestivalViewController.m; sourceTree = "<group>"; };
		1F275BC619C616AA00A1A8AD /* en */ = {isa = PBXFileReference; lastKnownFileType = text.plist.strings; name = en; path = en.lproj/Main.strings; sourceTree = "<group>"; };
		1F275BC719C616F600A1A8AD /* el */ = {isa = PBXFileReference; lastKnownFileType = text.plist.strings; name = el; path = el.lproj/Main.strings; sourceTree = "<group>"; };
		1F275BCE19C619CF00A1A8AD /* en */ = {isa = PBXFileReference; lastKnownFileType = text.plist.strings; name = en; path = en.lproj/Localizable.strings; sourceTree = "<group>"; };
		1F275BD019C619D300A1A8AD /* el */ = {isa = PBXFileReference; lastKnownFileType = text.plist.strings; name = el; path = el.lproj/Localizable.strings; sourceTree = "<group>"; };
		1F276BBD19679092008735B1 /* CreateNewAccountViewController.h */ = {isa = PBXFileReference; fileEncoding = 4; lastKnownFileType = sourcecode.c.h; path = CreateNewAccountViewController.h; sourceTree = "<group>"; };
		1F276BBE19679092008735B1 /* CreateNewAccountViewController.m */ = {isa = PBXFileReference; fileEncoding = 4; lastKnownFileType = sourcecode.c.objc; path = CreateNewAccountViewController.m; sourceTree = "<group>"; };
		1F276BC0196790A8008735B1 /* LoginViewController.h */ = {isa = PBXFileReference; fileEncoding = 4; lastKnownFileType = sourcecode.c.h; path = LoginViewController.h; sourceTree = "<group>"; };
		1F276BC1196790A8008735B1 /* LoginViewController.m */ = {isa = PBXFileReference; fileEncoding = 4; lastKnownFileType = sourcecode.c.objc; path = LoginViewController.m; sourceTree = "<group>"; };
		1F276BC519679529008735B1 /* FacebookSDK.framework */ = {isa = PBXFileReference; lastKnownFileType = wrapper.framework; path = FacebookSDK.framework; sourceTree = "<group>"; };
		1F276BC719679594008735B1 /* AudioToolbox.framework */ = {isa = PBXFileReference; lastKnownFileType = wrapper.framework; name = AudioToolbox.framework; path = System/Library/Frameworks/AudioToolbox.framework; sourceTree = SDKROOT; };
		1F276BC9196795A6008735B1 /* CFNetwork.framework */ = {isa = PBXFileReference; lastKnownFileType = wrapper.framework; name = CFNetwork.framework; path = System/Library/Frameworks/CFNetwork.framework; sourceTree = SDKROOT; };
		1F276BCB196795BB008735B1 /* CoreLocation.framework */ = {isa = PBXFileReference; lastKnownFileType = wrapper.framework; name = CoreLocation.framework; path = System/Library/Frameworks/CoreLocation.framework; sourceTree = SDKROOT; };
		1F276BCF196795D9008735B1 /* libz.dylib */ = {isa = PBXFileReference; lastKnownFileType = "compiled.mach-o.dylib"; name = libz.dylib; path = usr/lib/libz.dylib; sourceTree = SDKROOT; };
		1F276BD1196795E3008735B1 /* MobileCoreServices.framework */ = {isa = PBXFileReference; lastKnownFileType = wrapper.framework; name = MobileCoreServices.framework; path = System/Library/Frameworks/MobileCoreServices.framework; sourceTree = SDKROOT; };
		1F276BD3196795F1008735B1 /* QuartzCore.framework */ = {isa = PBXFileReference; lastKnownFileType = wrapper.framework; name = QuartzCore.framework; path = System/Library/Frameworks/QuartzCore.framework; sourceTree = SDKROOT; };
		1F276BD5196795FD008735B1 /* Security.framework */ = {isa = PBXFileReference; lastKnownFileType = wrapper.framework; name = Security.framework; path = System/Library/Frameworks/Security.framework; sourceTree = SDKROOT; };
		1F276BD91967960D008735B1 /* SystemConfiguration.framework */ = {isa = PBXFileReference; lastKnownFileType = wrapper.framework; name = SystemConfiguration.framework; path = System/Library/Frameworks/SystemConfiguration.framework; sourceTree = SDKROOT; };
		1F28171119BE848E005A5337 /* ShowImageViewController.h */ = {isa = PBXFileReference; fileEncoding = 4; lastKnownFileType = sourcecode.c.h; name = ShowImageViewController.h; path = ../ShowImageViewController.h; sourceTree = "<group>"; };
		1F28171219BE848E005A5337 /* ShowImageViewController.m */ = {isa = PBXFileReference; fileEncoding = 4; lastKnownFileType = sourcecode.c.objc; name = ShowImageViewController.m; path = ../ShowImageViewController.m; sourceTree = "<group>"; };
		1F28171319BE848E005A5337 /* ShowImageViewController.xib */ = {isa = PBXFileReference; fileEncoding = 4; lastKnownFileType = file.xib; name = ShowImageViewController.xib; path = ../ShowImageViewController.xib; sourceTree = "<group>"; };
		1F29B5BE19BDF7D90036B2C1 /* Base */ = {isa = PBXFileReference; lastKnownFileType = file.storyboard; name = Base; path = Base.lproj/Main.storyboard; sourceTree = "<group>"; };
		1F2C0B7719C6001600236C39 /* Parse.framework */ = {isa = PBXFileReference; lastKnownFileType = wrapper.framework; path = Parse.framework; sourceTree = "<group>"; };
		1F2DC98519C21BCE00265605 /* ShowActorsViewController.h */ = {isa = PBXFileReference; fileEncoding = 4; lastKnownFileType = sourcecode.c.h; path = ShowActorsViewController.h; sourceTree = "<group>"; };
		1F2DC98619C21BCE00265605 /* ShowActorsViewController.m */ = {isa = PBXFileReference; fileEncoding = 4; lastKnownFileType = sourcecode.c.objc; path = ShowActorsViewController.m; sourceTree = "<group>"; };
		1F2DC98819C2208B00265605 /* amaliamoutoussihoraproelefsis.jpg */ = {isa = PBXFileReference; lastKnownFileType = image.jpeg; path = amaliamoutoussihoraproelefsis.jpg; sourceTree = "<group>"; };
		1F2DC98919C2208B00265605 /* antwnopoulos.jpg */ = {isa = PBXFileReference; lastKnownFileType = image.jpeg; path = antwnopoulos.jpg; sourceTree = "<group>"; };
		1F2DC98A19C2208B00265605 /* bazaka.jpg */ = {isa = PBXFileReference; lastKnownFileType = image.jpeg; path = bazaka.jpg; sourceTree = "<group>"; };
		1F2DC98B19C2208B00265605 /* bentivolio.jpg */ = {isa = PBXFileReference; lastKnownFileType = image.jpeg; path = bentivolio.jpg; sourceTree = "<group>"; };
		1F2DC98C19C2208B00265605 /* bruno.jpg */ = {isa = PBXFileReference; lastKnownFileType = image.jpeg; path = bruno.jpg; sourceTree = "<group>"; };
		1F2DC98D19C2208B00265605 /* eliopoulos.jpeg */ = {isa = PBXFileReference; lastKnownFileType = image.jpeg; path = eliopoulos.jpeg; sourceTree = "<group>"; };
		1F2DC98E19C2208B00265605 /* fermas_nikos.jpg */ = {isa = PBXFileReference; lastKnownFileType = image.jpeg; path = fermas_nikos.jpg; sourceTree = "<group>"; };
		1F2DC98F19C2208B00265605 /* fragkedakhs_vasilis.jpg */ = {isa = PBXFileReference; lastKnownFileType = image.jpeg; path = fragkedakhs_vasilis.jpg; sourceTree = "<group>"; };
		1F2DC99019C2208B00265605 /* izampel.jpg */ = {isa = PBXFileReference; lastKnownFileType = image.jpeg; path = izampel.jpg; sourceTree = "<group>"; };
		1F2DC99119C2208B00265605 /* karagiannh.jpg */ = {isa = PBXFileReference; lastKnownFileType = image.jpeg; path = karagiannh.jpg; sourceTree = "<group>"; };
		1F2DC99219C2208B00265605 /* kwsti_maria.jpg */ = {isa = PBXFileReference; lastKnownFileType = image.jpeg; path = kwsti_maria.jpg; sourceTree = "<group>"; };
		1F2DC99319C2208B00265605 /* ladikou.jpg */ = {isa = PBXFileReference; lastKnownFileType = image.jpeg; path = ladikou.jpg; sourceTree = "<group>"; };
		1F2DC99419C2208B00265605 /* laskari.jpg */ = {isa = PBXFileReference; lastKnownFileType = image.jpeg; path = laskari.jpg; sourceTree = "<group>"; };
		1F2DC99519C2208B00265605 /* moutousi.jpg */ = {isa = PBXFileReference; lastKnownFileType = image.jpeg; path = moutousi.jpg; sourceTree = "<group>"; };
		1F2DC99619C2208B00265605 /* nathanahl.jpg */ = {isa = PBXFileReference; lastKnownFileType = image.jpeg; path = nathanahl.jpg; sourceTree = "<group>"; };
		1F2DC99719C2208B00265605 /* papadopoulos.jpg */ = {isa = PBXFileReference; lastKnownFileType = image.jpeg; path = papadopoulos.jpg; sourceTree = "<group>"; };
		1F2DC99819C2208B00265605 /* samaras.jpg */ = {isa = PBXFileReference; lastKnownFileType = image.jpeg; path = samaras.jpg; sourceTree = "<group>"; };
		1F2DC99919C2208B00265605 /* sfetsa.jpg */ = {isa = PBXFileReference; lastKnownFileType = image.jpeg; path = sfetsa.jpg; sourceTree = "<group>"; };
		1F2DC99A19C2208B00265605 /* stratigos.jpg */ = {isa = PBXFileReference; lastKnownFileType = image.jpeg; path = stratigos.jpg; sourceTree = "<group>"; };
		1F2DC99B19C2208B00265605 /* tsirigkouli.jpg */ = {isa = PBXFileReference; lastKnownFileType = image.jpeg; path = tsirigkouli.jpg; sourceTree = "<group>"; };
		1F2DC99C19C2208B00265605 /* tzortzoglou.jpg */ = {isa = PBXFileReference; lastKnownFileType = image.jpeg; path = tzortzoglou.jpg; sourceTree = "<group>"; };
		1F2DC99D19C2208B00265605 /* vainas.jpg */ = {isa = PBXFileReference; lastKnownFileType = image.jpeg; path = vainas.jpg; sourceTree = "<group>"; };
		1F2DC99E19C2208B00265605 /* vlaxopoulou.jpg */ = {isa = PBXFileReference; lastKnownFileType = image.jpeg; path = vlaxopoulou.jpg; sourceTree = "<group>"; };
		1F2DC99F19C2208B00265605 /* voutsas.jpg */ = {isa = PBXFileReference; lastKnownFileType = image.jpeg; path = voutsas.jpg; sourceTree = "<group>"; };
		1F2DC9A019C2208B00265605 /* zervos.jpg */ = {isa = PBXFileReference; lastKnownFileType = image.jpeg; path = zervos.jpg; sourceTree = "<group>"; };
		1F2DC9BA19C2213800265605 /* Gregg_Ntallas.jpg */ = {isa = PBXFileReference; lastKnownFileType = image.jpeg; path = Gregg_Ntallas.jpg; sourceTree = "<group>"; };
		1F2DC9BC19C2249200265605 /* HeaderView.h */ = {isa = PBXFileReference; fileEncoding = 4; lastKnownFileType = sourcecode.c.h; path = HeaderView.h; sourceTree = "<group>"; };
		1F2DC9BD19C2249200265605 /* HeaderView.m */ = {isa = PBXFileReference; fileEncoding = 4; lastKnownFileType = sourcecode.c.objc; path = HeaderView.m; sourceTree = "<group>"; };
		1F2DC9BF19C22D5C00265605 /* dalianidis.jpg */ = {isa = PBXFileReference; lastKnownFileType = image.jpeg; path = dalianidis.jpg; sourceTree = "<group>"; };
		1F2DC9C119C22E7900265605 /* kanelopoulos.jpeg */ = {isa = PBXFileReference; lastKnownFileType = image.jpeg; path = kanelopoulos.jpeg; sourceTree = "<group>"; };
		1F2DC9C319C22EF500265605 /* voulgaris.jpg */ = {isa = PBXFileReference; lastKnownFileType = image.jpeg; path = voulgaris.jpg; sourceTree = "<group>"; };
		1F2DC9C519C22F6F00265605 /* aggelopoulos.jpg */ = {isa = PBXFileReference; lastKnownFileType = image.jpeg; path = aggelopoulos.jpg; sourceTree = "<group>"; };
		1F2DC9C719C22FDD00265605 /* syllas_tzoumerkas-200x200.jpg */ = {isa = PBXFileReference; lastKnownFileType = image.jpeg; path = "syllas_tzoumerkas-200x200.jpg"; sourceTree = "<group>"; };
		1F2DC9C919C2307B00265605 /* papaiwannou.jpg */ = {isa = PBXFileReference; lastKnownFileType = image.jpeg; path = papaiwannou.jpg; sourceTree = "<group>"; };
		1F370D2B19753ADC003FB972 /* GreenLineStations.plist */ = {isa = PBXFileReference; fileEncoding = 4; lastKnownFileType = text.plist.xml; path = GreenLineStations.plist; sourceTree = "<group>"; };
		1F464DC819B8C8B100389827 /* NSMutableArray+SWUtilityButtons.h */ = {isa = PBXFileReference; fileEncoding = 4; lastKnownFileType = sourcecode.c.h; path = "NSMutableArray+SWUtilityButtons.h"; sourceTree = "<group>"; };
		1F464DC919B8C8B100389827 /* NSMutableArray+SWUtilityButtons.m */ = {isa = PBXFileReference; fileEncoding = 4; lastKnownFileType = sourcecode.c.objc; path = "NSMutableArray+SWUtilityButtons.m"; sourceTree = "<group>"; };
		1F464DCA19B8C8B100389827 /* SWCellScrollView.h */ = {isa = PBXFileReference; fileEncoding = 4; lastKnownFileType = sourcecode.c.h; path = SWCellScrollView.h; sourceTree = "<group>"; };
		1F464DCB19B8C8B100389827 /* SWCellScrollView.m */ = {isa = PBXFileReference; fileEncoding = 4; lastKnownFileType = sourcecode.c.objc; path = SWCellScrollView.m; sourceTree = "<group>"; };
		1F464DCC19B8C8B100389827 /* SWLongPressGestureRecognizer.h */ = {isa = PBXFileReference; fileEncoding = 4; lastKnownFileType = sourcecode.c.h; path = SWLongPressGestureRecognizer.h; sourceTree = "<group>"; };
		1F464DCD19B8C8B100389827 /* SWLongPressGestureRecognizer.m */ = {isa = PBXFileReference; fileEncoding = 4; lastKnownFileType = sourcecode.c.objc; path = SWLongPressGestureRecognizer.m; sourceTree = "<group>"; };
		1F464DCE19B8C8B100389827 /* SWTableViewCell.h */ = {isa = PBXFileReference; fileEncoding = 4; lastKnownFileType = sourcecode.c.h; path = SWTableViewCell.h; sourceTree = "<group>"; };
		1F464DCF19B8C8B100389827 /* SWTableViewCell.m */ = {isa = PBXFileReference; fileEncoding = 4; lastKnownFileType = sourcecode.c.objc; path = SWTableViewCell.m; sourceTree = "<group>"; };
		1F464DD019B8C8B100389827 /* SWUtilityButtonTapGestureRecognizer.h */ = {isa = PBXFileReference; fileEncoding = 4; lastKnownFileType = sourcecode.c.h; path = SWUtilityButtonTapGestureRecognizer.h; sourceTree = "<group>"; };
		1F464DD119B8C8B100389827 /* SWUtilityButtonTapGestureRecognizer.m */ = {isa = PBXFileReference; fileEncoding = 4; lastKnownFileType = sourcecode.c.objc; path = SWUtilityButtonTapGestureRecognizer.m; sourceTree = "<group>"; };
		1F464DD219B8C8B100389827 /* SWUtilityButtonView.h */ = {isa = PBXFileReference; fileEncoding = 4; lastKnownFileType = sourcecode.c.h; path = SWUtilityButtonView.h; sourceTree = "<group>"; };
		1F464DD319B8C8B100389827 /* SWUtilityButtonView.m */ = {isa = PBXFileReference; fileEncoding = 4; lastKnownFileType = sourcecode.c.objc; path = SWUtilityButtonView.m; sourceTree = "<group>"; };
		1F464DFF19B9182E00389827 /* MBProgressHUD.h */ = {isa = PBXFileReference; fileEncoding = 4; lastKnownFileType = sourcecode.c.h; name = MBProgressHUD.h; path = ../MBProgressHUD.h; sourceTree = "<group>"; };
		1F464E0019B9182E00389827 /* MBProgressHUD.m */ = {isa = PBXFileReference; fileEncoding = 4; lastKnownFileType = sourcecode.c.objc; name = MBProgressHUD.m; path = ../MBProgressHUD.m; sourceTree = "<group>"; };
		1F48BDCE199AB2C400BD30C0 /* green01.jpg */ = {isa = PBXFileReference; lastKnownFileType = image.jpeg; path = green01.jpg; sourceTree = "<group>"; };
		1F48BDCF199AB2C400BD30C0 /* green02.jpg */ = {isa = PBXFileReference; lastKnownFileType = image.jpeg; path = green02.jpg; sourceTree = "<group>"; };
		1F48BDD2199AB2E800BD30C0 /* green11.jpg */ = {isa = PBXFileReference; lastKnownFileType = image.jpeg; path = green11.jpg; sourceTree = "<group>"; };
		1F48BDD3199AB2E800BD30C0 /* green12.jpg */ = {isa = PBXFileReference; lastKnownFileType = image.jpeg; path = green12.jpg; sourceTree = "<group>"; };
		1F48BDD4199AB2E800BD30C0 /* green13.jpg */ = {isa = PBXFileReference; lastKnownFileType = image.jpeg; path = green13.jpg; sourceTree = "<group>"; };
		1F48BDD8199AB30300BD30C0 /* green21.jpg */ = {isa = PBXFileReference; lastKnownFileType = image.jpeg; path = green21.jpg; sourceTree = "<group>"; };
		1F48BDD9199AB30300BD30C0 /* green22.jpg */ = {isa = PBXFileReference; lastKnownFileType = image.jpeg; path = green22.jpg; sourceTree = "<group>"; };
		1F48BDDA199AB30300BD30C0 /* green23.jpg */ = {isa = PBXFileReference; lastKnownFileType = image.jpeg; path = green23.jpg; sourceTree = "<group>"; };
		1F48BDDE199AB31900BD30C0 /* green31.jpg */ = {isa = PBXFileReference; lastKnownFileType = image.jpeg; path = green31.jpg; sourceTree = "<group>"; };
		1F48BDDF199AB31900BD30C0 /* green32.jpg */ = {isa = PBXFileReference; lastKnownFileType = image.jpeg; path = green32.jpg; sourceTree = "<group>"; };
		1F48BDE2199AB33100BD30C0 /* green41.jpg */ = {isa = PBXFileReference; lastKnownFileType = image.jpeg; path = green41.jpg; sourceTree = "<group>"; };
		1F48BDE3199AB33100BD30C0 /* green42.jpg */ = {isa = PBXFileReference; lastKnownFileType = image.jpeg; path = green42.jpg; sourceTree = "<group>"; };
		1F48BDE6199AB34B00BD30C0 /* green51.jpg */ = {isa = PBXFileReference; lastKnownFileType = image.jpeg; path = green51.jpg; sourceTree = "<group>"; };
		1F48BDE7199AB34B00BD30C0 /* green52.jpg */ = {isa = PBXFileReference; lastKnownFileType = image.jpeg; path = green52.jpg; sourceTree = "<group>"; };
		1F48BDEA199AB36900BD30C0 /* green61.jpg */ = {isa = PBXFileReference; lastKnownFileType = image.jpeg; path = green61.jpg; sourceTree = "<group>"; };
		1F48BDEB199AB36900BD30C0 /* green62.jpg */ = {isa = PBXFileReference; lastKnownFileType = image.jpeg; path = green62.jpg; sourceTree = "<group>"; };
		1F48BDEC199AB36900BD30C0 /* green63.jpg */ = {isa = PBXFileReference; lastKnownFileType = image.jpeg; path = green63.jpg; sourceTree = "<group>"; };
		1F48BDF0199AB38300BD30C0 /* green71.jpg */ = {isa = PBXFileReference; lastKnownFileType = image.jpeg; path = green71.jpg; sourceTree = "<group>"; };
		1F48BDF1199AB38300BD30C0 /* green72.jpg */ = {isa = PBXFileReference; lastKnownFileType = image.jpeg; path = green72.jpg; sourceTree = "<group>"; };
		1F48BDF2199AB38300BD30C0 /* green73.png */ = {isa = PBXFileReference; lastKnownFileType = image.png; path = green73.png; sourceTree = "<group>"; };
		1F65480A19A7466400974CCB /* ButtonStretch@2x.png */ = {isa = PBXFileReference; lastKnownFileType = image.png; path = "ButtonStretch@2x.png"; sourceTree = "<group>"; };
		1F6AED7719AA10BF000490DD /* ProfileViewController.h */ = {isa = PBXFileReference; fileEncoding = 4; lastKnownFileType = sourcecode.c.h; path = ProfileViewController.h; sourceTree = "<group>"; };
		1F6AED7819AA10BF000490DD /* ProfileViewController.m */ = {isa = PBXFileReference; fileEncoding = 4; lastKnownFileType = sourcecode.c.objc; path = ProfileViewController.m; sourceTree = "<group>"; };
		1F6AED7A19AA53AB000490DD /* MapDetailsViewController.h */ = {isa = PBXFileReference; fileEncoding = 4; lastKnownFileType = sourcecode.c.h; path = MapDetailsViewController.h; sourceTree = "<group>"; };
		1F6AED7B19AA53AB000490DD /* MapDetailsViewController.m */ = {isa = PBXFileReference; fileEncoding = 4; lastKnownFileType = sourcecode.c.objc; path = MapDetailsViewController.m; sourceTree = "<group>"; };
		1F6AED8519AA5DEA000490DD /* mainBackground.jpg */ = {isa = PBXFileReference; lastKnownFileType = image.jpeg; path = mainBackground.jpg; sourceTree = "<group>"; };
		1F706539196768DA009CB35C /* CineMetro.app */ = {isa = PBXFileReference; explicitFileType = wrapper.application; includeInIndex = 0; path = CineMetro.app; sourceTree = BUILT_PRODUCTS_DIR; };
		1F70653C196768DA009CB35C /* Foundation.framework */ = {isa = PBXFileReference; lastKnownFileType = wrapper.framework; name = Foundation.framework; path = System/Library/Frameworks/Foundation.framework; sourceTree = SDKROOT; };
		1F70653E196768DA009CB35C /* CoreGraphics.framework */ = {isa = PBXFileReference; lastKnownFileType = wrapper.framework; name = CoreGraphics.framework; path = System/Library/Frameworks/CoreGraphics.framework; sourceTree = SDKROOT; };
		1F706540196768DA009CB35C /* UIKit.framework */ = {isa = PBXFileReference; lastKnownFileType = wrapper.framework; name = UIKit.framework; path = System/Library/Frameworks/UIKit.framework; sourceTree = SDKROOT; };
		1F706544196768DA009CB35C /* CineMetro-Info.plist */ = {isa = PBXFileReference; lastKnownFileType = text.plist.xml; path = "CineMetro-Info.plist"; sourceTree = "<group>"; };
		1F706548196768DA009CB35C /* main.m */ = {isa = PBXFileReference; lastKnownFileType = sourcecode.c.objc; path = main.m; sourceTree = "<group>"; };
		1F70654A196768DA009CB35C /* CineMetro-Prefix.pch */ = {isa = PBXFileReference; lastKnownFileType = sourcecode.c.h; path = "CineMetro-Prefix.pch"; sourceTree = "<group>"; };
		1F70654B196768DA009CB35C /* AppDelegate.h */ = {isa = PBXFileReference; lastKnownFileType = sourcecode.c.h; path = AppDelegate.h; sourceTree = "<group>"; };
		1F70654C196768DA009CB35C /* AppDelegate.m */ = {isa = PBXFileReference; lastKnownFileType = sourcecode.c.objc; path = AppDelegate.m; sourceTree = "<group>"; };
		1F706554196768DA009CB35C /* Images.xcassets */ = {isa = PBXFileReference; lastKnownFileType = folder.assetcatalog; path = Images.xcassets; sourceTree = "<group>"; };
		1F70655A196768DA009CB35C /* CineMetroTests.xctest */ = {isa = PBXFileReference; explicitFileType = wrapper.cfbundle; includeInIndex = 0; path = CineMetroTests.xctest; sourceTree = BUILT_PRODUCTS_DIR; };
		1F70655B196768DA009CB35C /* XCTest.framework */ = {isa = PBXFileReference; lastKnownFileType = wrapper.framework; name = XCTest.framework; path = Library/Frameworks/XCTest.framework; sourceTree = DEVELOPER_DIR; };
		1F706563196768DA009CB35C /* CineMetroTests-Info.plist */ = {isa = PBXFileReference; lastKnownFileType = text.plist.xml; path = "CineMetroTests-Info.plist"; sourceTree = "<group>"; };
		1F706567196768DA009CB35C /* CineMetroTests.m */ = {isa = PBXFileReference; lastKnownFileType = sourcecode.c.objc; path = CineMetroTests.m; sourceTree = "<group>"; };
		1F706572196768E8009CB35C /* MainViewController.m */ = {isa = PBXFileReference; fileEncoding = 4; lastKnownFileType = sourcecode.c.objc; path = MainViewController.m; sourceTree = "<group>"; };
		1F706574196769DB009CB35C /* MapKit.framework */ = {isa = PBXFileReference; lastKnownFileType = wrapper.framework; name = MapKit.framework; path = System/Library/Frameworks/MapKit.framework; sourceTree = SDKROOT; };
		1F7065761967706C009CB35C /* RedLineTableViewController.h */ = {isa = PBXFileReference; fileEncoding = 4; lastKnownFileType = sourcecode.c.h; path = RedLineTableViewController.h; sourceTree = "<group>"; };
		1F7065771967706C009CB35C /* RedLineTableViewController.m */ = {isa = PBXFileReference; fileEncoding = 4; lastKnownFileType = sourcecode.c.objc; path = RedLineTableViewController.m; sourceTree = "<group>"; };
		1F7065791967707B009CB35C /* GreenLineTableViewController.h */ = {isa = PBXFileReference; fileEncoding = 4; lastKnownFileType = sourcecode.c.h; path = GreenLineTableViewController.h; sourceTree = "<group>"; };
		1F70657A1967707B009CB35C /* GreenLineTableViewController.m */ = {isa = PBXFileReference; fileEncoding = 4; lastKnownFileType = sourcecode.c.objc; path = GreenLineTableViewController.m; sourceTree = "<group>"; };
		1F70657C1967708C009CB35C /* BlueLineTableViewController.h */ = {isa = PBXFileReference; fileEncoding = 4; lastKnownFileType = sourcecode.c.h; path = BlueLineTableViewController.h; sourceTree = "<group>"; };
		1F70657D1967708C009CB35C /* BlueLineTableViewController.m */ = {isa = PBXFileReference; fileEncoding = 4; lastKnownFileType = sourcecode.c.objc; path = BlueLineTableViewController.m; sourceTree = "<group>"; };
		1F70658219678116009CB35C /* MapViewController.h */ = {isa = PBXFileReference; fileEncoding = 4; lastKnownFileType = sourcecode.c.h; path = MapViewController.h; sourceTree = "<group>"; };
		1F70658319678116009CB35C /* MapViewController.m */ = {isa = PBXFileReference; fileEncoding = 4; lastKnownFileType = sourcecode.c.objc; path = MapViewController.m; sourceTree = "<group>"; };
		1F9362981988F1B10088A0BF /* RedDetailsViewController.h */ = {isa = PBXFileReference; fileEncoding = 4; lastKnownFileType = sourcecode.c.h; path = RedDetailsViewController.h; sourceTree = "<group>"; };
		1F9362991988F1B10088A0BF /* RedDetailsViewController.m */ = {isa = PBXFileReference; fileEncoding = 4; lastKnownFileType = sourcecode.c.objc; path = RedDetailsViewController.m; sourceTree = "<group>"; };
		1F93629C1988F6250088A0BF /* red01.jpg */ = {isa = PBXFileReference; lastKnownFileType = image.jpeg; path = red01.jpg; sourceTree = "<group>"; };
		1F93629D1988F6250088A0BF /* red02.jpg */ = {isa = PBXFileReference; lastKnownFileType = image.jpeg; path = red02.jpg; sourceTree = "<group>"; };
		1F93629E1988F6250088A0BF /* red03.jpg */ = {isa = PBXFileReference; lastKnownFileType = image.jpeg; path = red03.jpg; sourceTree = "<group>"; };
		1F9362A21988F6320088A0BF /* red11.jpg */ = {isa = PBXFileReference; lastKnownFileType = image.jpeg; path = red11.jpg; sourceTree = "<group>"; };
		1F9362A31988F6320088A0BF /* red12.jpg */ = {isa = PBXFileReference; lastKnownFileType = image.jpeg; path = red12.jpg; sourceTree = "<group>"; };
		1F9362A41988F6320088A0BF /* red13.jpg */ = {isa = PBXFileReference; lastKnownFileType = image.jpeg; path = red13.jpg; sourceTree = "<group>"; };
		1F9362A81988F63D0088A0BF /* red21.jpg */ = {isa = PBXFileReference; lastKnownFileType = image.jpeg; path = red21.jpg; sourceTree = "<group>"; };
		1F9362A91988F63D0088A0BF /* red22.jpg */ = {isa = PBXFileReference; lastKnownFileType = image.jpeg; path = red22.jpg; sourceTree = "<group>"; };
		1F9362AA1988F63D0088A0BF /* red23.jpg */ = {isa = PBXFileReference; lastKnownFileType = image.jpeg; path = red23.jpg; sourceTree = "<group>"; };
		1F9362AB1988F63D0088A0BF /* red24.jpg */ = {isa = PBXFileReference; lastKnownFileType = image.jpeg; path = red24.jpg; sourceTree = "<group>"; };
		1F9362AC1988F63D0088A0BF /* red25.jpg */ = {isa = PBXFileReference; lastKnownFileType = image.jpeg; path = red25.jpg; sourceTree = "<group>"; };
		1F9362B21988F6490088A0BF /* red31.jpg */ = {isa = PBXFileReference; lastKnownFileType = image.jpeg; path = red31.jpg; sourceTree = "<group>"; };
		1F9362B31988F6490088A0BF /* red32.jpg */ = {isa = PBXFileReference; lastKnownFileType = image.jpeg; path = red32.jpg; sourceTree = "<group>"; };
		1F9362B41988F6490088A0BF /* red33.jpg */ = {isa = PBXFileReference; lastKnownFileType = image.jpeg; path = red33.jpg; sourceTree = "<group>"; };
		1F9362B51988F6490088A0BF /* red34.jpg */ = {isa = PBXFileReference; lastKnownFileType = image.jpeg; path = red34.jpg; sourceTree = "<group>"; };
		1F9362BA1988F6560088A0BF /* red41.jpg */ = {isa = PBXFileReference; lastKnownFileType = image.jpeg; path = red41.jpg; sourceTree = "<group>"; };
		1F9362BB1988F6560088A0BF /* red42.jpg */ = {isa = PBXFileReference; lastKnownFileType = image.jpeg; path = red42.jpg; sourceTree = "<group>"; };
		1F9362BC1988F6560088A0BF /* red43.jpg */ = {isa = PBXFileReference; lastKnownFileType = image.jpeg; path = red43.jpg; sourceTree = "<group>"; };
		1F9362C01988F6630088A0BF /* red51.jpg */ = {isa = PBXFileReference; lastKnownFileType = image.jpeg; path = red51.jpg; sourceTree = "<group>"; };
		1F9362C11988F6630088A0BF /* red52.jpg */ = {isa = PBXFileReference; lastKnownFileType = image.jpeg; path = red52.jpg; sourceTree = "<group>"; };
		1F9362C21988F6630088A0BF /* red53.jpg */ = {isa = PBXFileReference; lastKnownFileType = image.jpeg; path = red53.jpg; sourceTree = "<group>"; };
		1F98CAF9196C790E00A9EB54 /* MainViewController.h */ = {isa = PBXFileReference; fileEncoding = 4; lastKnownFileType = sourcecode.c.h; path = MainViewController.h; sourceTree = "<group>"; };
		1F996E0619AD15AD004675BB /* TabBarViewController.h */ = {isa = PBXFileReference; fileEncoding = 4; lastKnownFileType = sourcecode.c.h; name = TabBarViewController.h; path = ../TabBarViewController.h; sourceTree = "<group>"; };
		1F996E0719AD15AD004675BB /* TabBarViewController.m */ = {isa = PBXFileReference; fileEncoding = 4; lastKnownFileType = sourcecode.c.objc; name = TabBarViewController.m; path = ../TabBarViewController.m; sourceTree = "<group>"; };
		1FA9023419B87DDD00149EAD /* ViewController1.h */ = {isa = PBXFileReference; fileEncoding = 4; lastKnownFileType = sourcecode.c.h; name = ViewController1.h; path = ../ViewController1.h; sourceTree = "<group>"; };
		1FA9023519B87DDD00149EAD /* ViewController1.m */ = {isa = PBXFileReference; fileEncoding = 4; lastKnownFileType = sourcecode.c.objc; name = ViewController1.m; path = ../ViewController1.m; sourceTree = "<group>"; };
		1FA9023619B87DDD00149EAD /* ViewController1.xib */ = {isa = PBXFileReference; fileEncoding = 4; lastKnownFileType = file.xib; name = ViewController1.xib; path = ../ViewController1.xib; sourceTree = "<group>"; };
		1FAE04DF19BD073800E45EF4 /* ViewController.h */ = {isa = PBXFileReference; fileEncoding = 4; lastKnownFileType = sourcecode.c.h; name = ViewController.h; path = ../ViewController.h; sourceTree = "<group>"; };
		1FAE04E019BD073800E45EF4 /* ViewController.m */ = {isa = PBXFileReference; fileEncoding = 4; lastKnownFileType = sourcecode.c.objc; name = ViewController.m; path = ../ViewController.m; sourceTree = "<group>"; };
		1FAE04E219BD077900E45EF4 /* PageContentViewController.h */ = {isa = PBXFileReference; fileEncoding = 4; lastKnownFileType = sourcecode.c.h; name = PageContentViewController.h; path = ../PageContentViewController.h; sourceTree = "<group>"; };
		1FAE04E319BD077900E45EF4 /* PageContentViewController.m */ = {isa = PBXFileReference; fileEncoding = 4; lastKnownFileType = sourcecode.c.objc; name = PageContentViewController.m; path = ../PageContentViewController.m; sourceTree = "<group>"; };
		1FAE2CE419C3829A00D006EC /* photo-75.png */ = {isa = PBXFileReference; lastKnownFileType = image.png; path = "photo-75.png"; sourceTree = "<group>"; };
		1FAE2CE619C3876900D006EC /* photo-32.png */ = {isa = PBXFileReference; lastKnownFileType = image.png; path = "photo-32.png"; sourceTree = "<group>"; };
		1FAE2CE819C38AF400D006EC /* RatingViewController.h */ = {isa = PBXFileReference; fileEncoding = 4; lastKnownFileType = sourcecode.c.h; name = RatingViewController.h; path = ../RatingViewController.h; sourceTree = "<group>"; };
		1FAE2CE919C38AF400D006EC /* RatingViewController.m */ = {isa = PBXFileReference; fileEncoding = 4; lastKnownFileType = sourcecode.c.objc; name = RatingViewController.m; path = ../RatingViewController.m; sourceTree = "<group>"; };
		1FAE2CEA19C38AF400D006EC /* RatingViewController.xib */ = {isa = PBXFileReference; fileEncoding = 4; lastKnownFileType = file.xib; name = RatingViewController.xib; path = ../RatingViewController.xib; sourceTree = "<group>"; };
		1FAE2CED19C38BE300D006EC /* star_off.png */ = {isa = PBXFileReference; lastKnownFileType = image.png; path = star_off.png; sourceTree = "<group>"; };
		1FAE2CF119C3994D00D006EC /* star_on.png */ = {isa = PBXFileReference; lastKnownFileType = image.png; path = star_on.png; sourceTree = "<group>"; };
		1FB552E8196C456500E11311 /* Accounts.framework */ = {isa = PBXFileReference; lastKnownFileType = wrapper.framework; name = Accounts.framework; path = System/Library/Frameworks/Accounts.framework; sourceTree = SDKROOT; };
		1FB552EA196C45CE00E11311 /* Social.framework */ = {isa = PBXFileReference; lastKnownFileType = wrapper.framework; name = Social.framework; path = System/Library/Frameworks/Social.framework; sourceTree = SDKROOT; };
		1FF72A80198AC4C30022B08D /* BlueDetailsViewController.h */ = {isa = PBXFileReference; fileEncoding = 4; lastKnownFileType = sourcecode.c.h; path = BlueDetailsViewController.h; sourceTree = "<group>"; };
		1FF72A81198AC4C30022B08D /* BlueDetailsViewController.m */ = {isa = PBXFileReference; fileEncoding = 4; lastKnownFileType = sourcecode.c.objc; path = BlueDetailsViewController.m; sourceTree = "<group>"; };
		1FFBB93A19BFC7A60035C87B /* ShowTextViewController.h */ = {isa = PBXFileReference; fileEncoding = 4; lastKnownFileType = sourcecode.c.h; path = ShowTextViewController.h; sourceTree = "<group>"; };
		1FFBB93B19BFC7A60035C87B /* ShowTextViewController.m */ = {isa = PBXFileReference; fileEncoding = 4; lastKnownFileType = sourcecode.c.objc; path = ShowTextViewController.m; sourceTree = "<group>"; };
		3F77F930E77F45F8932CD087 /* Pods.xcconfig */ = {isa = PBXFileReference; includeInIndex = 1; lastKnownFileType = text.xcconfig; name = Pods.xcconfig; path = Pods/Pods.xcconfig; sourceTree = "<group>"; };
		DA8630476C0E4E2B87F91772 /* libPods.a */ = {isa = PBXFileReference; explicitFileType = archive.ar; includeInIndex = 0; path = libPods.a; sourceTree = BUILT_PRODUCTS_DIR; };
/* End PBXFileReference section */

/* Begin PBXFrameworksBuildPhase section */
		1F706536196768DA009CB35C /* Frameworks */ = {
			isa = PBXFrameworksBuildPhase;
			buildActionMask = 2147483647;
			files = (
				1F2C0B7819C6001600236C39 /* Parse.framework in Frameworks */,
				1F276BC619679529008735B1 /* FacebookSDK.framework in Frameworks */,
				1FB552EB196C45CE00E11311 /* Social.framework in Frameworks */,
				1FB552E9196C456500E11311 /* Accounts.framework in Frameworks */,
				1F276BDA1967960D008735B1 /* SystemConfiguration.framework in Frameworks */,
				1F276BD6196795FD008735B1 /* Security.framework in Frameworks */,
				1F276BD4196795F1008735B1 /* QuartzCore.framework in Frameworks */,
				1F276BD2196795E3008735B1 /* MobileCoreServices.framework in Frameworks */,
				1F276BD0196795D9008735B1 /* libz.dylib in Frameworks */,
				1F276BCC196795BB008735B1 /* CoreLocation.framework in Frameworks */,
				1F70653F196768DA009CB35C /* CoreGraphics.framework in Frameworks */,
				1F276BCA196795A6008735B1 /* CFNetwork.framework in Frameworks */,
				1F276BC819679595008735B1 /* AudioToolbox.framework in Frameworks */,
				1F706575196769DB009CB35C /* MapKit.framework in Frameworks */,
				1F706541196768DA009CB35C /* UIKit.framework in Frameworks */,
				1F70653D196768DA009CB35C /* Foundation.framework in Frameworks */,
				36687826E35240D2959EF225 /* libPods.a in Frameworks */,
			);
			runOnlyForDeploymentPostprocessing = 0;
		};
		1F706557196768DA009CB35C /* Frameworks */ = {
			isa = PBXFrameworksBuildPhase;
			buildActionMask = 2147483647;
			files = (
				1F70655C196768DA009CB35C /* XCTest.framework in Frameworks */,
				1F70655E196768DA009CB35C /* UIKit.framework in Frameworks */,
				1F70655D196768DA009CB35C /* Foundation.framework in Frameworks */,
			);
			runOnlyForDeploymentPostprocessing = 0;
		};
/* End PBXFrameworksBuildPhase section */

/* Begin PBXGroup section */
		1F105D2719C36B3B001F5A90 /* ShowImageSection */ = {
			isa = PBXGroup;
			children = (
				1F28171119BE848E005A5337 /* ShowImageViewController.h */,
				1F28171219BE848E005A5337 /* ShowImageViewController.m */,
				1F28171319BE848E005A5337 /* ShowImageViewController.xib */,
			);
			name = ShowImageSection;
			sourceTree = "<group>";
		};
		1F105D2819C36B76001F5A90 /* PageScrollImageCollection */ = {
			isa = PBXGroup;
			children = (
				1FAE04E219BD077900E45EF4 /* PageContentViewController.h */,
				1FAE04E319BD077900E45EF4 /* PageContentViewController.m */,
				1FAE04DF19BD073800E45EF4 /* ViewController.h */,
				1FAE04E019BD073800E45EF4 /* ViewController.m */,
			);
			name = PageScrollImageCollection;
			sourceTree = "<group>";
		};
		1F12C99E19B7D2410024CAD5 /* GreenLine */ = {
			isa = PBXGroup;
			children = (
				1F7065791967707B009CB35C /* GreenLineTableViewController.h */,
				1F70657A1967707B009CB35C /* GreenLineTableViewController.m */,
				1F16A31219A3DC1900AC7A68 /* GreenDetailsViewController.h */,
				1F16A31319A3DC1900AC7A68 /* GreenDetailsViewController.m */,
				1F370D2B19753ADC003FB972 /* GreenLineStations.plist */,
				1FFBB93A19BFC7A60035C87B /* ShowTextViewController.h */,
				1FFBB93B19BFC7A60035C87B /* ShowTextViewController.m */,
				1F2DC98519C21BCE00265605 /* ShowActorsViewController.h */,
				1F2DC98619C21BCE00265605 /* ShowActorsViewController.m */,
				1F2DC9BC19C2249200265605 /* HeaderView.h */,
				1F2DC9BD19C2249200265605 /* HeaderView.m */,
			);
			name = GreenLine;
			sourceTree = "<group>";
		};
		1F12C99F19B7D25B0024CAD5 /* RedLine */ = {
			isa = PBXGroup;
			children = (
				1F7065761967706C009CB35C /* RedLineTableViewController.h */,
				1F7065771967706C009CB35C /* RedLineTableViewController.m */,
				1F9362981988F1B10088A0BF /* RedDetailsViewController.h */,
				1F9362991988F1B10088A0BF /* RedDetailsViewController.m */,
				1F137A8519753179001C0F2B /* RedLineStations.plist */,
			);
			name = RedLine;
			sourceTree = "<group>";
		};
		1F12C9A019B7D2680024CAD5 /* BlueLine */ = {
			isa = PBXGroup;
			children = (
				1F70657C1967708C009CB35C /* BlueLineTableViewController.h */,
				1F70657D1967708C009CB35C /* BlueLineTableViewController.m */,
				1FF72A80198AC4C30022B08D /* BlueDetailsViewController.h */,
				1FF72A81198AC4C30022B08D /* BlueDetailsViewController.m */,
				1F1127DE198AD56200BB0F8E /* BlueLineStations.plist */,
			);
			name = BlueLine;
			sourceTree = "<group>";
		};
		1F12C9A219B7D2E10024CAD5 /* Map */ = {
			isa = PBXGroup;
			children = (
				1F70658219678116009CB35C /* MapViewController.h */,
				1F70658319678116009CB35C /* MapViewController.m */,
				1FA9023419B87DDD00149EAD /* ViewController1.h */,
				1FA9023519B87DDD00149EAD /* ViewController1.m */,
				1FA9023619B87DDD00149EAD /* ViewController1.xib */,
				1F6AED7A19AA53AB000490DD /* MapDetailsViewController.h */,
				1F6AED7B19AA53AB000490DD /* MapDetailsViewController.m */,
			);
			name = Map;
			sourceTree = "<group>";
		};
		1F12C9A319B7D2FD0024CAD5 /* About */ = {
			isa = PBXGroup;
			children = (
				1F242E0819AA833F00E1698C /* AboutTableViewController.h */,
				1F242E0919AA833F00E1698C /* AboutTableViewController.m */,
			);
			name = About;
			sourceTree = "<group>";
		};
		1F12C9A419B7D3070024CAD5 /* Profile */ = {
			isa = PBXGroup;
			children = (
				1F6AED7719AA10BF000490DD /* ProfileViewController.h */,
				1F6AED7819AA10BF000490DD /* ProfileViewController.m */,
			);
			name = Profile;
			sourceTree = "<group>";
		};
		1F12C9A519B7D31F0024CAD5 /* TabBar */ = {
			isa = PBXGroup;
			children = (
				1F996E0619AD15AD004675BB /* TabBarViewController.h */,
				1F996E0719AD15AD004675BB /* TabBarViewController.m */,
			);
			name = TabBar;
			sourceTree = "<group>";
		};
		1F12C9A919B7D9680024CAD5 /* External Libraries */ = {
			isa = PBXGroup;
			children = (
				1F464DFF19B9182E00389827 /* MBProgressHUD.h */,
				1F464E0019B9182E00389827 /* MBProgressHUD.m */,
				1F464DC719B8C8A200389827 /* SWTableViewCell */,
				1F12C9A619B7D5850024CAD5 /* Reachability.h */,
				1F12C9A719B7D5850024CAD5 /* Reachability.m */,
			);
			name = "External Libraries";
			sourceTree = "<group>";
		};
		1F12C9AA19B7D9840024CAD5 /* Login */ = {
			isa = PBXGroup;
			children = (
				1F276BC0196790A8008735B1 /* LoginViewController.h */,
				1F276BC1196790A8008735B1 /* LoginViewController.m */,
			);
			name = Login;
			sourceTree = "<group>";
		};
		1F12C9AB19B7D9B10024CAD5 /* MainMenu */ = {
			isa = PBXGroup;
			children = (
				1F98CAF9196C790E00A9EB54 /* MainViewController.h */,
				1F706572196768E8009CB35C /* MainViewController.m */,
			);
			name = MainMenu;
			sourceTree = "<group>";
		};
		1F12C9AC19B7D9C90024CAD5 /* CreateAccount */ = {
			isa = PBXGroup;
			children = (
				1F276BBE19679092008735B1 /* CreateNewAccountViewController.m */,
				1F276BBD19679092008735B1 /* CreateNewAccountViewController.h */,
			);
			name = CreateAccount;
			sourceTree = "<group>";
		};
		1F275BC019C6105700A1A8AD /* FilmFestival */ = {
			isa = PBXGroup;
			children = (
				1F275BC119C6106800A1A8AD /* FilmFestivalViewController.h */,
				1F275BC219C6106800A1A8AD /* FilmFestivalViewController.m */,
			);
			name = FilmFestival;
			sourceTree = "<group>";
		};
		1F275BD119C61E4A00A1A8AD /* StarRating */ = {
			isa = PBXGroup;
			children = (
				1FAE2CE819C38AF400D006EC /* RatingViewController.h */,
				1FAE2CE919C38AF400D006EC /* RatingViewController.m */,
				1FAE2CEA19C38AF400D006EC /* RatingViewController.xib */,
			);
			name = StarRating;
			sourceTree = "<group>";
		};
		1F464DC719B8C8A200389827 /* SWTableViewCell */ = {
			isa = PBXGroup;
			children = (
				1F464DC819B8C8B100389827 /* NSMutableArray+SWUtilityButtons.h */,
				1F464DC919B8C8B100389827 /* NSMutableArray+SWUtilityButtons.m */,
				1F464DCA19B8C8B100389827 /* SWCellScrollView.h */,
				1F464DCB19B8C8B100389827 /* SWCellScrollView.m */,
				1F464DCC19B8C8B100389827 /* SWLongPressGestureRecognizer.h */,
				1F464DCD19B8C8B100389827 /* SWLongPressGestureRecognizer.m */,
				1F464DCE19B8C8B100389827 /* SWTableViewCell.h */,
				1F464DCF19B8C8B100389827 /* SWTableViewCell.m */,
				1F464DD019B8C8B100389827 /* SWUtilityButtonTapGestureRecognizer.h */,
				1F464DD119B8C8B100389827 /* SWUtilityButtonTapGestureRecognizer.m */,
				1F464DD219B8C8B100389827 /* SWUtilityButtonView.h */,
				1F464DD319B8C8B100389827 /* SWUtilityButtonView.m */,
			);
			name = SWTableViewCell;
			path = ..;
			sourceTree = "<group>";
		};
		1F48BDCD199AB08000BD30C0 /* greenStation */ = {
			isa = PBXGroup;
			children = (
				1F2DC9C119C22E7900265605 /* kanelopoulos.jpeg */,
				1F2DC9BF19C22D5C00265605 /* dalianidis.jpg */,
				1F2DC9C319C22EF500265605 /* voulgaris.jpg */,
				1F2DC9C919C2307B00265605 /* papaiwannou.jpg */,
				1F2DC9BA19C2213800265605 /* Gregg_Ntallas.jpg */,
				1F2DC9C719C22FDD00265605 /* syllas_tzoumerkas-200x200.jpg */,
				1F48BDCE199AB2C400BD30C0 /* green01.jpg */,
				1F48BDCF199AB2C400BD30C0 /* green02.jpg */,
				1F2DC9C519C22F6F00265605 /* aggelopoulos.jpg */,
				1F48BDD2199AB2E800BD30C0 /* green11.jpg */,
				1F48BDD3199AB2E800BD30C0 /* green12.jpg */,
				1F48BDD4199AB2E800BD30C0 /* green13.jpg */,
				1F48BDD8199AB30300BD30C0 /* green21.jpg */,
				1F48BDD9199AB30300BD30C0 /* green22.jpg */,
				1F48BDDA199AB30300BD30C0 /* green23.jpg */,
				1F48BDDE199AB31900BD30C0 /* green31.jpg */,
				1F48BDDF199AB31900BD30C0 /* green32.jpg */,
				1F48BDE2199AB33100BD30C0 /* green41.jpg */,
				1F48BDE3199AB33100BD30C0 /* green42.jpg */,
				1F48BDE6199AB34B00BD30C0 /* green51.jpg */,
				1F48BDE7199AB34B00BD30C0 /* green52.jpg */,
				1F48BDEA199AB36900BD30C0 /* green61.jpg */,
				1F48BDEB199AB36900BD30C0 /* green62.jpg */,
				1F48BDEC199AB36900BD30C0 /* green63.jpg */,
				1F48BDF0199AB38300BD30C0 /* green71.jpg */,
				1F48BDF1199AB38300BD30C0 /* green72.jpg */,
				1F48BDF2199AB38300BD30C0 /* green73.png */,
				1F2DC98819C2208B00265605 /* amaliamoutoussihoraproelefsis.jpg */,
				1F2DC98919C2208B00265605 /* antwnopoulos.jpg */,
				1F2DC98A19C2208B00265605 /* bazaka.jpg */,
				1F2DC98B19C2208B00265605 /* bentivolio.jpg */,
				1F2DC98C19C2208B00265605 /* bruno.jpg */,
				1F2DC98D19C2208B00265605 /* eliopoulos.jpeg */,
				1F2DC98E19C2208B00265605 /* fermas_nikos.jpg */,
				1F2DC98F19C2208B00265605 /* fragkedakhs_vasilis.jpg */,
				1F2DC99019C2208B00265605 /* izampel.jpg */,
				1F2DC99119C2208B00265605 /* karagiannh.jpg */,
				1F2DC99219C2208B00265605 /* kwsti_maria.jpg */,
				1F2DC99319C2208B00265605 /* ladikou.jpg */,
				1F2DC99419C2208B00265605 /* laskari.jpg */,
				1F2DC99519C2208B00265605 /* moutousi.jpg */,
				1F2DC99619C2208B00265605 /* nathanahl.jpg */,
				1F2DC99719C2208B00265605 /* papadopoulos.jpg */,
				1F2DC99819C2208B00265605 /* samaras.jpg */,
				1F2DC99919C2208B00265605 /* sfetsa.jpg */,
				1F2DC99A19C2208B00265605 /* stratigos.jpg */,
				1F2DC99B19C2208B00265605 /* tsirigkouli.jpg */,
				1F2DC99C19C2208B00265605 /* tzortzoglou.jpg */,
				1F2DC99D19C2208B00265605 /* vainas.jpg */,
				1F2DC99E19C2208B00265605 /* vlaxopoulou.jpg */,
				1F2DC99F19C2208B00265605 /* voutsas.jpg */,
				1F2DC9A019C2208B00265605 /* zervos.jpg */,
			);
			name = greenStation;
			sourceTree = "<group>";
		};
		1F706530196768DA009CB35C = {
			isa = PBXGroup;
			children = (
				1F706542196768DA009CB35C /* CineMetro */,
				1F706561196768DA009CB35C /* CineMetroTests */,
				1F70653B196768DA009CB35C /* Frameworks */,
				1F70653A196768DA009CB35C /* Products */,
				3F77F930E77F45F8932CD087 /* Pods.xcconfig */,
			);
			sourceTree = "<group>";
		};
		1F70653A196768DA009CB35C /* Products */ = {
			isa = PBXGroup;
			children = (
				1F706539196768DA009CB35C /* CineMetro.app */,
				1F70655A196768DA009CB35C /* CineMetroTests.xctest */,
			);
			name = Products;
			sourceTree = "<group>";
		};
		1F70653B196768DA009CB35C /* Frameworks */ = {
			isa = PBXGroup;
			children = (
				1F2C0B7719C6001600236C39 /* Parse.framework */,
				1FB552EA196C45CE00E11311 /* Social.framework */,
				1FB552E8196C456500E11311 /* Accounts.framework */,
				1F276BD91967960D008735B1 /* SystemConfiguration.framework */,
				1F276BD5196795FD008735B1 /* Security.framework */,
				1F276BD3196795F1008735B1 /* QuartzCore.framework */,
				1F276BD1196795E3008735B1 /* MobileCoreServices.framework */,
				1F276BCF196795D9008735B1 /* libz.dylib */,
				1F276BCB196795BB008735B1 /* CoreLocation.framework */,
				1F276BC9196795A6008735B1 /* CFNetwork.framework */,
				1F276BC719679594008735B1 /* AudioToolbox.framework */,
				1F276BC519679529008735B1 /* FacebookSDK.framework */,
				1F706574196769DB009CB35C /* MapKit.framework */,
				1F70653C196768DA009CB35C /* Foundation.framework */,
				1F70653E196768DA009CB35C /* CoreGraphics.framework */,
				1F706540196768DA009CB35C /* UIKit.framework */,
				1F70655B196768DA009CB35C /* XCTest.framework */,
				DA8630476C0E4E2B87F91772 /* libPods.a */,
			);
			name = Frameworks;
			sourceTree = "<group>";
		};
		1F706542196768DA009CB35C /* CineMetro */ = {
			isa = PBXGroup;
			children = (
				1F70654B196768DA009CB35C /* AppDelegate.h */,
				1F70654C196768DA009CB35C /* AppDelegate.m */,
				1F275BD119C61E4A00A1A8AD /* StarRating */,
				1F275BC019C6105700A1A8AD /* FilmFestival */,
				1F105D2819C36B76001F5A90 /* PageScrollImageCollection */,
				1F105D2719C36B3B001F5A90 /* ShowImageSection */,
				1F12C9AA19B7D9840024CAD5 /* Login */,
				1F12C9AB19B7D9B10024CAD5 /* MainMenu */,
				1F12C9AC19B7D9C90024CAD5 /* CreateAccount */,
				1F12C9A519B7D31F0024CAD5 /* TabBar */,
				1F12C9A419B7D3070024CAD5 /* Profile */,
				1F12C9A319B7D2FD0024CAD5 /* About */,
				1F12C9A219B7D2E10024CAD5 /* Map */,
				1F12C9A019B7D2680024CAD5 /* BlueLine */,
				1F12C99F19B7D25B0024CAD5 /* RedLine */,
				1F12C99E19B7D2410024CAD5 /* GreenLine */,
				1FFF0BCF1974651B00FE59D2 /* Images */,
				1F12C9A919B7D9680024CAD5 /* External Libraries */,
				1F29B5BD19BDF7D90036B2C1 /* Main.storyboard */,
				1F706554196768DA009CB35C /* Images.xcassets */,
				1F706543196768DA009CB35C /* Supporting Files */,
			);
			path = CineMetro;
			sourceTree = "<group>";
		};
		1F706543196768DA009CB35C /* Supporting Files */ = {
			isa = PBXGroup;
			children = (
				1F706544196768DA009CB35C /* CineMetro-Info.plist */,
				1F275BCF19C619CF00A1A8AD /* Localizable.strings */,
				1F706548196768DA009CB35C /* main.m */,
				1F70654A196768DA009CB35C /* CineMetro-Prefix.pch */,
			);
			name = "Supporting Files";
			sourceTree = "<group>";
		};
		1F706561196768DA009CB35C /* CineMetroTests */ = {
			isa = PBXGroup;
			children = (
				1F706567196768DA009CB35C /* CineMetroTests.m */,
				1F706562196768DA009CB35C /* Supporting Files */,
			);
			path = CineMetroTests;
			sourceTree = "<group>";
		};
		1F706562196768DA009CB35C /* Supporting Files */ = {
			isa = PBXGroup;
			children = (
				1F706563196768DA009CB35C /* CineMetroTests-Info.plist */,
			);
			name = "Supporting Files";
			sourceTree = "<group>";
		};
		1F93629B1988F60E0088A0BF /* redStation */ = {
			isa = PBXGroup;
			children = (
				1F93629C1988F6250088A0BF /* red01.jpg */,
				1F93629D1988F6250088A0BF /* red02.jpg */,
				1F93629E1988F6250088A0BF /* red03.jpg */,
				1F9362A21988F6320088A0BF /* red11.jpg */,
				1F9362A31988F6320088A0BF /* red12.jpg */,
				1F9362A41988F6320088A0BF /* red13.jpg */,
				1F9362A81988F63D0088A0BF /* red21.jpg */,
				1F9362A91988F63D0088A0BF /* red22.jpg */,
				1F9362AA1988F63D0088A0BF /* red23.jpg */,
				1F9362AB1988F63D0088A0BF /* red24.jpg */,
				1F9362AC1988F63D0088A0BF /* red25.jpg */,
				1F9362B21988F6490088A0BF /* red31.jpg */,
				1F9362B31988F6490088A0BF /* red32.jpg */,
				1F9362B41988F6490088A0BF /* red33.jpg */,
				1F9362B51988F6490088A0BF /* red34.jpg */,
				1F9362BA1988F6560088A0BF /* red41.jpg */,
				1F9362BB1988F6560088A0BF /* red42.jpg */,
				1F9362BC1988F6560088A0BF /* red43.jpg */,
				1F9362C01988F6630088A0BF /* red51.jpg */,
				1F9362C11988F6630088A0BF /* red52.jpg */,
				1F9362C21988F6630088A0BF /* red53.jpg */,
			);
			name = redStation;
			sourceTree = "<group>";
		};
		1FFF0BCF1974651B00FE59D2 /* Images */ = {
			isa = PBXGroup;
			children = (
				1F6AED8519AA5DEA000490DD /* mainBackground.jpg */,
				1FAE2CF119C3994D00D006EC /* star_on.png */,
				1FAE2CED19C38BE300D006EC /* star_off.png */,
				1FAE2CE419C3829A00D006EC /* photo-75.png */,
				1FAE2CE619C3876900D006EC /* photo-32.png */,
				1F65480A19A7466400974CCB /* ButtonStretch@2x.png */,
				1F23B8A319A5F2A00092FE9C /* bw_background.jpg */,
				1F48BDCD199AB08000BD30C0 /* greenStation */,
				1F93629B1988F60E0088A0BF /* redStation */,
			);
			name = Images;
			sourceTree = "<group>";
		};
/* End PBXGroup section */

/* Begin PBXNativeTarget section */
		1F706538196768DA009CB35C /* CineMetro */ = {
			isa = PBXNativeTarget;
			buildConfigurationList = 1F70656B196768DA009CB35C /* Build configuration list for PBXNativeTarget "CineMetro" */;
			buildPhases = (
				A0C962E0007B4EF384E98AD0 /* Check Pods Manifest.lock */,
				1F706535196768DA009CB35C /* Sources */,
				1F706536196768DA009CB35C /* Frameworks */,
				1F706537196768DA009CB35C /* Resources */,
				708611BE9BE64B41A1D71D08 /* Copy Pods Resources */,
			);
			buildRules = (
			);
			dependencies = (
			);
			name = CineMetro;
			productName = CineMetro;
			productReference = 1F706539196768DA009CB35C /* CineMetro.app */;
			productType = "com.apple.product-type.application";
		};
		1F706559196768DA009CB35C /* CineMetroTests */ = {
			isa = PBXNativeTarget;
			buildConfigurationList = 1F70656E196768DA009CB35C /* Build configuration list for PBXNativeTarget "CineMetroTests" */;
			buildPhases = (
				1F706556196768DA009CB35C /* Sources */,
				1F706557196768DA009CB35C /* Frameworks */,
				1F706558196768DA009CB35C /* Resources */,
			);
			buildRules = (
			);
			dependencies = (
				1F706560196768DA009CB35C /* PBXTargetDependency */,
			);
			name = CineMetroTests;
			productName = CineMetroTests;
			productReference = 1F70655A196768DA009CB35C /* CineMetroTests.xctest */;
			productType = "com.apple.product-type.bundle.unit-test";
		};
/* End PBXNativeTarget section */

/* Begin PBXProject section */
		1F706531196768DA009CB35C /* Project object */ = {
			isa = PBXProject;
			attributes = {
				LastUpgradeCheck = 0510;
				ORGANIZATIONNAME = "George Haristos";
				TargetAttributes = {
					1F706538196768DA009CB35C = {
						DevelopmentTeam = 4PL2AJXLL6;
						SystemCapabilities = {
							com.apple.InAppPurchase = {
								enabled = 0;
							};
						};
					};
					1F706559196768DA009CB35C = {
						TestTargetID = 1F706538196768DA009CB35C;
					};
				};
			};
			buildConfigurationList = 1F706534196768DA009CB35C /* Build configuration list for PBXProject "CineMetro" */;
			compatibilityVersion = "Xcode 3.2";
			developmentRegion = English;
			hasScannedForEncodings = 0;
			knownRegions = (
				en,
				Base,
				el,
			);
			mainGroup = 1F706530196768DA009CB35C;
			productRefGroup = 1F70653A196768DA009CB35C /* Products */;
			projectDirPath = "";
			projectRoot = "";
			targets = (
				1F706538196768DA009CB35C /* CineMetro */,
				1F706559196768DA009CB35C /* CineMetroTests */,
			);
		};
/* End PBXProject section */

/* Begin PBXResourcesBuildPhase section */
		1F706537196768DA009CB35C /* Resources */ = {
			isa = PBXResourcesBuildPhase;
			buildActionMask = 2147483647;
			files = (
				1F706555196768DA009CB35C /* Images.xcassets in Resources */,
				1F2DC9B119C2208B00265605 /* samaras.jpg in Resources */,
				1F2DC9AA19C2208B00265605 /* karagiannh.jpg in Resources */,
				1F9362C41988F6630088A0BF /* red52.jpg in Resources */,
				1F2DC9B419C2208B00265605 /* tsirigkouli.jpg in Resources */,
				1F2DC9A319C2208B00265605 /* bazaka.jpg in Resources */,
				1F9362BE1988F6560088A0BF /* red42.jpg in Resources */,
				1F2DC9B319C2208B00265605 /* stratigos.jpg in Resources */,
				1F23B8A419A5F2A00092FE9C /* bw_background.jpg in Resources */,
				1F2DC9C219C22E7900265605 /* kanelopoulos.jpeg in Resources */,
				1F48BDF3199AB38300BD30C0 /* green71.jpg in Resources */,
				1F48BDE5199AB33100BD30C0 /* green42.jpg in Resources */,
				1F65480B19A7466400974CCB /* ButtonStretch@2x.png in Resources */,
				1F9362A01988F6250088A0BF /* red02.jpg in Resources */,
				1F2DC9AF19C2208B00265605 /* nathanahl.jpg in Resources */,
				1F2DC9A119C2208B00265605 /* amaliamoutoussihoraproelefsis.jpg in Resources */,
				1F2DC9CA19C2307B00265605 /* papaiwannou.jpg in Resources */,
				1F48BDEE199AB36900BD30C0 /* green62.jpg in Resources */,
				1F29B5BF19BDF7D90036B2C1 /* Main.storyboard in Resources */,
				1F9362A51988F6320088A0BF /* red11.jpg in Resources */,
				1F48BDE9199AB34B00BD30C0 /* green52.jpg in Resources */,
				1F48BDDB199AB30300BD30C0 /* green21.jpg in Resources */,
				1F2DC9B719C2208B00265605 /* vlaxopoulou.jpg in Resources */,
				1F9362A71988F6320088A0BF /* red13.jpg in Resources */,
				1F2DC9BB19C2213800265605 /* Gregg_Ntallas.jpg in Resources */,
				1F2DC9B219C2208B00265605 /* sfetsa.jpg in Resources */,
				1F28171519BE848E005A5337 /* ShowImageViewController.xib in Resources */,
				1F2DC9B519C2208B00265605 /* tzortzoglou.jpg in Resources */,
				1FA9023819B87DDD00149EAD /* ViewController1.xib in Resources */,
				1FAE2CE719C3876900D006EC /* photo-32.png in Resources */,
				1F2DC9C019C22D5C00265605 /* dalianidis.jpg in Resources */,
				1F2DC9A919C2208B00265605 /* izampel.jpg in Resources */,
				1F2DC9AC19C2208B00265605 /* ladikou.jpg in Resources */,
				1F48BDE8199AB34B00BD30C0 /* green51.jpg in Resources */,
				1F48BDF4199AB38300BD30C0 /* green72.jpg in Resources */,
				1F6AED8619AA5DEA000490DD /* mainBackground.jpg in Resources */,
				1F48BDE1199AB31900BD30C0 /* green32.jpg in Resources */,
				1F9362BF1988F6560088A0BF /* red43.jpg in Resources */,
				1F9362B01988F63D0088A0BF /* red24.jpg in Resources */,
				1F137A8619753179001C0F2B /* RedLineStations.plist in Resources */,
				1F2DC9C819C22FDD00265605 /* syllas_tzoumerkas-200x200.jpg in Resources */,
				1F9362B81988F6490088A0BF /* red33.jpg in Resources */,
				1F2DC9C619C22F6F00265605 /* aggelopoulos.jpg in Resources */,
				1F9362B61988F6490088A0BF /* red31.jpg in Resources */,
				1FAE2CEC19C38AF400D006EC /* RatingViewController.xib in Resources */,
				1F48BDED199AB36900BD30C0 /* green61.jpg in Resources */,
				1F2DC9A619C2208B00265605 /* eliopoulos.jpeg in Resources */,
				1F48BDDC199AB30300BD30C0 /* green22.jpg in Resources */,
				1F2DC9B019C2208B00265605 /* papadopoulos.jpg in Resources */,
				1F48BDD1199AB2C400BD30C0 /* green02.jpg in Resources */,
				1F2DC9A219C2208B00265605 /* antwnopoulos.jpg in Resources */,
				1F9362B71988F6490088A0BF /* red32.jpg in Resources */,
				1F48BDE4199AB33100BD30C0 /* green41.jpg in Resources */,
				1F48BDE0199AB31900BD30C0 /* green31.jpg in Resources */,
				1F2DC9AD19C2208B00265605 /* laskari.jpg in Resources */,
				1F1127DF198AD56200BB0F8E /* BlueLineStations.plist in Resources */,
				1F2DC9B919C2208B00265605 /* zervos.jpg in Resources */,
				1F48BDEF199AB36900BD30C0 /* green63.jpg in Resources */,
				1F2DC9B819C2208B00265605 /* voutsas.jpg in Resources */,
				1F2DC9A719C2208B00265605 /* fermas_nikos.jpg in Resources */,
				1F2DC9A419C2208B00265605 /* bentivolio.jpg in Resources */,
				1F48BDD5199AB2E800BD30C0 /* green11.jpg in Resources */,
				1F93629F1988F6250088A0BF /* red01.jpg in Resources */,
				1F48BDD0199AB2C400BD30C0 /* green01.jpg in Resources */,
				1F2DC9AE19C2208B00265605 /* moutousi.jpg in Resources */,
				1F9362AF1988F63D0088A0BF /* red23.jpg in Resources */,
				1FAE2CF219C3994D00D006EC /* star_on.png in Resources */,
				1F9362B11988F63D0088A0BF /* red25.jpg in Resources */,
				1FAE2CE519C3829A00D006EC /* photo-75.png in Resources */,
				1F9362BD1988F6560088A0BF /* red41.jpg in Resources */,
				1F2DC9B619C2208B00265605 /* vainas.jpg in Resources */,
				1F48BDDD199AB30300BD30C0 /* green23.jpg in Resources */,
				1F9362A11988F6250088A0BF /* red03.jpg in Resources */,
				1F48BDF5199AB38300BD30C0 /* green73.png in Resources */,
				1F9362A61988F6320088A0BF /* red12.jpg in Resources */,
				1F9362AD1988F63D0088A0BF /* red21.jpg in Resources */,
				1F9362C51988F6630088A0BF /* red53.jpg in Resources */,
				1FAE2CEE19C38BE300D006EC /* star_off.png in Resources */,
				1F2DC9A819C2208B00265605 /* fragkedakhs_vasilis.jpg in Resources */,
				1F9362AE1988F63D0088A0BF /* red22.jpg in Resources */,
				1F9362C31988F6630088A0BF /* red51.jpg in Resources */,
				1F2DC9AB19C2208B00265605 /* kwsti_maria.jpg in Resources */,
				1F48BDD7199AB2E800BD30C0 /* green13.jpg in Resources */,
				1F9362B91988F6490088A0BF /* red34.jpg in Resources */,
				1F275BCD19C619CF00A1A8AD /* Localizable.strings in Resources */,
				1F2DC9A519C2208B00265605 /* bruno.jpg in Resources */,
				1F48BDD6199AB2E800BD30C0 /* green12.jpg in Resources */,
				1F2DC9C419C22EF500265605 /* voulgaris.jpg in Resources */,
				1F370D2C19753ADC003FB972 /* GreenLineStations.plist in Resources */,
			);
			runOnlyForDeploymentPostprocessing = 0;
		};
		1F706558196768DA009CB35C /* Resources */ = {
			isa = PBXResourcesBuildPhase;
			buildActionMask = 2147483647;
			files = (
			);
			runOnlyForDeploymentPostprocessing = 0;
		};
/* End PBXResourcesBuildPhase section */

/* Begin PBXShellScriptBuildPhase section */
		708611BE9BE64B41A1D71D08 /* Copy Pods Resources */ = {
			isa = PBXShellScriptBuildPhase;
			buildActionMask = 2147483647;
			files = (
			);
			inputPaths = (
			);
			name = "Copy Pods Resources";
			outputPaths = (
			);
			runOnlyForDeploymentPostprocessing = 0;
			shellPath = /bin/sh;
			shellScript = "\"${SRCROOT}/Pods/Pods-resources.sh\"\n";
			showEnvVarsInLog = 0;
		};
		A0C962E0007B4EF384E98AD0 /* Check Pods Manifest.lock */ = {
			isa = PBXShellScriptBuildPhase;
			buildActionMask = 2147483647;
			files = (
			);
			inputPaths = (
			);
			name = "Check Pods Manifest.lock";
			outputPaths = (
			);
			runOnlyForDeploymentPostprocessing = 0;
			shellPath = /bin/sh;
			shellScript = "diff \"${PODS_ROOT}/../Podfile.lock\" \"${PODS_ROOT}/Manifest.lock\" > /dev/null\nif [[ $? != 0 ]] ; then\n    cat << EOM\nerror: The sandbox is not in sync with the Podfile.lock. Run 'pod install' or update your CocoaPods installation.\nEOM\n    exit 1\nfi\n";
			showEnvVarsInLog = 0;
		};
/* End PBXShellScriptBuildPhase section */

/* Begin PBXSourcesBuildPhase section */
		1F706535196768DA009CB35C /* Sources */ = {
			isa = PBXSourcesBuildPhase;
			buildActionMask = 2147483647;
			files = (
				1F70654D196768DA009CB35C /* AppDelegate.m in Sources */,
				1F2DC98719C21BCE00265605 /* ShowActorsViewController.m in Sources */,
				1F464DD719B8C8B100389827 /* SWTableViewCell.m in Sources */,
				1F6AED7C19AA53AB000490DD /* MapDetailsViewController.m in Sources */,
				1FF72A82198AC4C30022B08D /* BlueDetailsViewController.m in Sources */,
				1F464DD419B8C8B100389827 /* NSMutableArray+SWUtilityButtons.m in Sources */,
				1F7065781967706C009CB35C /* RedLineTableViewController.m in Sources */,
				1F464DD819B8C8B100389827 /* SWUtilityButtonTapGestureRecognizer.m in Sources */,
				1F464DD919B8C8B100389827 /* SWUtilityButtonView.m in Sources */,
				1F276BBF19679092008735B1 /* CreateNewAccountViewController.m in Sources */,
				1F276BC2196790A8008735B1 /* LoginViewController.m in Sources */,
				1F464DD519B8C8B100389827 /* SWCellScrollView.m in Sources */,
				1FA9023719B87DDD00149EAD /* ViewController1.m in Sources */,
				1F464E0119B9182E00389827 /* MBProgressHUD.m in Sources */,
				1FAE04E119BD073800E45EF4 /* ViewController.m in Sources */,
				1F70658419678116009CB35C /* MapViewController.m in Sources */,
				1F2DC9BE19C2249200265605 /* HeaderView.m in Sources */,
				1F6AED7919AA10BF000490DD /* ProfileViewController.m in Sources */,
				1F28171419BE848E005A5337 /* ShowImageViewController.m in Sources */,
				1F275BC319C6106800A1A8AD /* FilmFestivalViewController.m in Sources */,
				1F242E0A19AA833F00E1698C /* AboutTableViewController.m in Sources */,
				1F70657B1967707B009CB35C /* GreenLineTableViewController.m in Sources */,
				1FAE2CEB19C38AF400D006EC /* RatingViewController.m in Sources */,
				1F16A31419A3DC1900AC7A68 /* GreenDetailsViewController.m in Sources */,
				1F93629A1988F1B10088A0BF /* RedDetailsViewController.m in Sources */,
				1F464DD619B8C8B100389827 /* SWLongPressGestureRecognizer.m in Sources */,
				1FFBB93C19BFC7A60035C87B /* ShowTextViewController.m in Sources */,
				1F12C9A819B7D5850024CAD5 /* Reachability.m in Sources */,
				1F996E0819AD15AD004675BB /* TabBarViewController.m in Sources */,
				1FAE04E419BD077900E45EF4 /* PageContentViewController.m in Sources */,
				1F70657E1967708C009CB35C /* BlueLineTableViewController.m in Sources */,
				1F706549196768DA009CB35C /* main.m in Sources */,
				1F706573196768E8009CB35C /* MainViewController.m in Sources */,
			);
			runOnlyForDeploymentPostprocessing = 0;
		};
		1F706556196768DA009CB35C /* Sources */ = {
			isa = PBXSourcesBuildPhase;
			buildActionMask = 2147483647;
			files = (
				1F706568196768DA009CB35C /* CineMetroTests.m in Sources */,
			);
			runOnlyForDeploymentPostprocessing = 0;
		};
/* End PBXSourcesBuildPhase section */

/* Begin PBXTargetDependency section */
		1F706560196768DA009CB35C /* PBXTargetDependency */ = {
			isa = PBXTargetDependency;
			target = 1F706538196768DA009CB35C /* CineMetro */;
			targetProxy = 1F70655F196768DA009CB35C /* PBXContainerItemProxy */;
		};
/* End PBXTargetDependency section */

/* Begin PBXVariantGroup section */
		1F275BCF19C619CF00A1A8AD /* Localizable.strings */ = {
			isa = PBXVariantGroup;
			children = (
				1F275BCE19C619CF00A1A8AD /* en */,
				1F275BD019C619D300A1A8AD /* el */,
			);
			name = Localizable.strings;
			path = ..;
			sourceTree = "<group>";
		};
		1F29B5BD19BDF7D90036B2C1 /* Main.storyboard */ = {
			isa = PBXVariantGroup;
			children = (
				1F29B5BE19BDF7D90036B2C1 /* Base */,
				1F275BC619C616AA00A1A8AD /* en */,
				1F275BC719C616F600A1A8AD /* el */,
			);
			name = Main.storyboard;
			sourceTree = "<group>";
		};
/* End PBXVariantGroup section */

/* Begin XCBuildConfiguration section */
		1F706569196768DA009CB35C /* Debug */ = {
			isa = XCBuildConfiguration;
			buildSettings = {
				ALWAYS_SEARCH_USER_PATHS = NO;
				CLANG_CXX_LANGUAGE_STANDARD = "gnu++0x";
				CLANG_CXX_LIBRARY = "libc++";
				CLANG_ENABLE_MODULES = YES;
				CLANG_ENABLE_OBJC_ARC = YES;
				CLANG_WARN_BOOL_CONVERSION = YES;
				CLANG_WARN_CONSTANT_CONVERSION = YES;
				CLANG_WARN_DIRECT_OBJC_ISA_USAGE = YES_ERROR;
				CLANG_WARN_EMPTY_BODY = YES;
				CLANG_WARN_ENUM_CONVERSION = YES;
				CLANG_WARN_INT_CONVERSION = YES;
				CLANG_WARN_OBJC_ROOT_CLASS = YES_ERROR;
				CLANG_WARN__DUPLICATE_METHOD_MATCH = YES;
				"CODE_SIGN_IDENTITY[sdk=iphoneos*]" = "iPhone Developer";
				COPY_PHASE_STRIP = NO;
				GCC_C_LANGUAGE_STANDARD = gnu99;
				GCC_DYNAMIC_NO_PIC = NO;
				GCC_OPTIMIZATION_LEVEL = 0;
				GCC_PREPROCESSOR_DEFINITIONS = (
					"DEBUG=1",
					"$(inherited)",
				);
				GCC_SYMBOLS_PRIVATE_EXTERN = NO;
				GCC_WARN_64_TO_32_BIT_CONVERSION = YES;
				GCC_WARN_ABOUT_RETURN_TYPE = YES_ERROR;
				GCC_WARN_UNDECLARED_SELECTOR = YES;
				GCC_WARN_UNINITIALIZED_AUTOS = YES_AGGRESSIVE;
				GCC_WARN_UNUSED_FUNCTION = YES;
				GCC_WARN_UNUSED_VARIABLE = YES;
				IPHONEOS_DEPLOYMENT_TARGET = 7.1;
				ONLY_ACTIVE_ARCH = YES;
				SDKROOT = iphoneos;
			};
			name = Debug;
		};
		1F70656A196768DA009CB35C /* Release */ = {
			isa = XCBuildConfiguration;
			buildSettings = {
				ALWAYS_SEARCH_USER_PATHS = NO;
				CLANG_CXX_LANGUAGE_STANDARD = "gnu++0x";
				CLANG_CXX_LIBRARY = "libc++";
				CLANG_ENABLE_MODULES = YES;
				CLANG_ENABLE_OBJC_ARC = YES;
				CLANG_WARN_BOOL_CONVERSION = YES;
				CLANG_WARN_CONSTANT_CONVERSION = YES;
				CLANG_WARN_DIRECT_OBJC_ISA_USAGE = YES_ERROR;
				CLANG_WARN_EMPTY_BODY = YES;
				CLANG_WARN_ENUM_CONVERSION = YES;
				CLANG_WARN_INT_CONVERSION = YES;
				CLANG_WARN_OBJC_ROOT_CLASS = YES_ERROR;
				CLANG_WARN__DUPLICATE_METHOD_MATCH = YES;
				"CODE_SIGN_IDENTITY[sdk=iphoneos*]" = "iPhone Developer";
				COPY_PHASE_STRIP = YES;
				ENABLE_NS_ASSERTIONS = NO;
				GCC_C_LANGUAGE_STANDARD = gnu99;
				GCC_WARN_64_TO_32_BIT_CONVERSION = YES;
				GCC_WARN_ABOUT_RETURN_TYPE = YES_ERROR;
				GCC_WARN_UNDECLARED_SELECTOR = YES;
				GCC_WARN_UNINITIALIZED_AUTOS = YES_AGGRESSIVE;
				GCC_WARN_UNUSED_FUNCTION = YES;
				GCC_WARN_UNUSED_VARIABLE = YES;
				IPHONEOS_DEPLOYMENT_TARGET = 7.1;
				SDKROOT = iphoneos;
				VALIDATE_PRODUCT = YES;
			};
			name = Release;
		};
		1F70656C196768DA009CB35C /* Debug */ = {
			isa = XCBuildConfiguration;
			baseConfigurationReference = 3F77F930E77F45F8932CD087 /* Pods.xcconfig */;
			buildSettings = {
				ASSETCATALOG_COMPILER_APPICON_NAME = AppIcon;
				ASSETCATALOG_COMPILER_LAUNCHIMAGE_NAME = LaunchImage;
				CODE_SIGN_IDENTITY = "iPhone Developer";
				FRAMEWORK_SEARCH_PATHS = (
					"$(inherited)",
					"$(PROJECT_DIR)",
				);
				GCC_PRECOMPILE_PREFIX_HEADER = YES;
				GCC_PREFIX_HEADER = "CineMetro/CineMetro-Prefix.pch";
				INFOPLIST_FILE = "CineMetro/CineMetro-Info.plist";
				IPHONEOS_DEPLOYMENT_TARGET = 7.0;
				PRODUCT_NAME = "$(TARGET_NAME)";
				WRAPPER_EXTENSION = app;
			};
			name = Debug;
		};
		1F70656D196768DA009CB35C /* Release */ = {
			isa = XCBuildConfiguration;
			baseConfigurationReference = 3F77F930E77F45F8932CD087 /* Pods.xcconfig */;
			buildSettings = {
				ASSETCATALOG_COMPILER_APPICON_NAME = AppIcon;
				ASSETCATALOG_COMPILER_LAUNCHIMAGE_NAME = LaunchImage;
				CODE_SIGN_IDENTITY = "iPhone Developer";
				FRAMEWORK_SEARCH_PATHS = (
					"$(inherited)",
					"$(PROJECT_DIR)",
				);
				GCC_PRECOMPILE_PREFIX_HEADER = YES;
				GCC_PREFIX_HEADER = "CineMetro/CineMetro-Prefix.pch";
				INFOPLIST_FILE = "CineMetro/CineMetro-Info.plist";
				IPHONEOS_DEPLOYMENT_TARGET = 7.0;
				PRODUCT_NAME = "$(TARGET_NAME)";
				WRAPPER_EXTENSION = app;
			};
			name = Release;
		};
		1F70656F196768DA009CB35C /* Debug */ = {
			isa = XCBuildConfiguration;
			buildSettings = {
				BUNDLE_LOADER = "$(BUILT_PRODUCTS_DIR)/CineMetro.app/CineMetro";
				FRAMEWORK_SEARCH_PATHS = (
					"$(SDKROOT)/Developer/Library/Frameworks",
					"$(inherited)",
					"$(DEVELOPER_FRAMEWORKS_DIR)",
				);
				GCC_PRECOMPILE_PREFIX_HEADER = YES;
				GCC_PREFIX_HEADER = "CineMetro/CineMetro-Prefix.pch";
				GCC_PREPROCESSOR_DEFINITIONS = (
					"DEBUG=1",
					"$(inherited)",
				);
				INFOPLIST_FILE = "CineMetroTests/CineMetroTests-Info.plist";
				PRODUCT_NAME = "$(TARGET_NAME)";
				TEST_HOST = "$(BUNDLE_LOADER)";
				WRAPPER_EXTENSION = xctest;
			};
			name = Debug;
		};
		1F706570196768DA009CB35C /* Release */ = {
			isa = XCBuildConfiguration;
			buildSettings = {
				BUNDLE_LOADER = "$(BUILT_PRODUCTS_DIR)/CineMetro.app/CineMetro";
				FRAMEWORK_SEARCH_PATHS = (
					"$(SDKROOT)/Developer/Library/Frameworks",
					"$(inherited)",
					"$(DEVELOPER_FRAMEWORKS_DIR)",
				);
				GCC_PRECOMPILE_PREFIX_HEADER = YES;
				GCC_PREFIX_HEADER = "CineMetro/CineMetro-Prefix.pch";
				INFOPLIST_FILE = "CineMetroTests/CineMetroTests-Info.plist";
				PRODUCT_NAME = "$(TARGET_NAME)";
				TEST_HOST = "$(BUNDLE_LOADER)";
				WRAPPER_EXTENSION = xctest;
			};
			name = Release;
		};
/* End XCBuildConfiguration section */

/* Begin XCConfigurationList section */
		1F706534196768DA009CB35C /* Build configuration list for PBXProject "CineMetro" */ = {
			isa = XCConfigurationList;
			buildConfigurations = (
				1F706569196768DA009CB35C /* Debug */,
				1F70656A196768DA009CB35C /* Release */,
			);
			defaultConfigurationIsVisible = 0;
			defaultConfigurationName = Release;
		};
		1F70656B196768DA009CB35C /* Build configuration list for PBXNativeTarget "CineMetro" */ = {
			isa = XCConfigurationList;
			buildConfigurations = (
				1F70656C196768DA009CB35C /* Debug */,
				1F70656D196768DA009CB35C /* Release */,
			);
			defaultConfigurationIsVisible = 0;
			defaultConfigurationName = Release;
		};
		1F70656E196768DA009CB35C /* Build configuration list for PBXNativeTarget "CineMetroTests" */ = {
			isa = XCConfigurationList;
			buildConfigurations = (
				1F70656F196768DA009CB35C /* Debug */,
				1F706570196768DA009CB35C /* Release */,
			);
			defaultConfigurationIsVisible = 0;
			defaultConfigurationName = Release;
		};
/* End XCConfigurationList section */
	};
	rootObject = 1F706531196768DA009CB35C /* Project object */;
}
